<?xml version="1.0" encoding="utf-8"?>
<Project ToolsVersion="4.0" xmlns="http://schemas.microsoft.com/developer/msbuild/2003">
  <ItemGroup>
    <Filter Include="png">
      <UniqueIdentifier>{fe95a00d-7509-4b67-bbb1-d936773f4ac2}</UniqueIdentifier>
    </Filter>
    <Filter Include="zlib">
      <UniqueIdentifier>{875b3824-90da-4e4b-aea3-f998f46249b8}</UniqueIdentifier>
    </Filter>
    <Filter Include="CanvasContext">
      <UniqueIdentifier>{da60e633-a5b5-49ff-a970-02f82026182f}</UniqueIdentifier>
    </Filter>
    <Filter Include="CanvasContext\Canvas2D">
      <UniqueIdentifier>{adb60fc2-441f-46c7-bfea-3918cd0cf9a0}</UniqueIdentifier>
    </Filter>
    <Filter Include="CanvasContext\utils">
      <UniqueIdentifier>{b61e6702-c7fa-4440-b195-a3259983fc71}</UniqueIdentifier>
    </Filter>
    <Filter Include="CanvasContext\geometry">
      <UniqueIdentifier>{4afd5654-86fb-4bef-85d0-6634332f4802}</UniqueIdentifier>
    </Filter>
    <Filter Include="v8binding">
      <UniqueIdentifier>{625cc66b-3a71-4d5c-a2b5-9be91e373614}</UniqueIdentifier>
    </Filter>
  </ItemGroup>
  <ItemGroup>
    <ClCompile Include="..\skia\third_party\externals\libpng\png.c">
      <Filter>png</Filter>
    </ClCompile>
    <ClCompile Include="..\skia\third_party\externals\libpng\pngerror.c">
      <Filter>png</Filter>
    </ClCompile>
    <ClCompile Include="..\skia\third_party\externals\libpng\pnggccrd.c">
      <Filter>png</Filter>
    </ClCompile>
    <ClCompile Include="..\skia\third_party\externals\libpng\pngget.c">
      <Filter>png</Filter>
    </ClCompile>
    <ClCompile Include="..\skia\third_party\externals\libpng\pngmem.c">
      <Filter>png</Filter>
    </ClCompile>
    <ClCompile Include="..\skia\third_party\externals\libpng\pngpread.c">
      <Filter>png</Filter>
    </ClCompile>
    <ClCompile Include="..\skia\third_party\externals\libpng\pngread.c">
      <Filter>png</Filter>
    </ClCompile>
    <ClCompile Include="..\skia\third_party\externals\libpng\pngrio.c">
      <Filter>png</Filter>
    </ClCompile>
    <ClCompile Include="..\skia\third_party\externals\libpng\pngrtran.c">
      <Filter>png</Filter>
    </ClCompile>
    <ClCompile Include="..\skia\third_party\externals\libpng\pngrutil.c">
      <Filter>png</Filter>
    </ClCompile>
    <ClCompile Include="..\skia\third_party\externals\libpng\pngset.c">
      <Filter>png</Filter>
    </ClCompile>
    <ClCompile Include="..\skia\third_party\externals\libpng\pngtrans.c">
      <Filter>png</Filter>
    </ClCompile>
    <ClCompile Include="..\skia\third_party\externals\libpng\pngvcrd.c">
      <Filter>png</Filter>
    </ClCompile>
    <ClCompile Include="..\skia\third_party\externals\libpng\pngwio.c">
      <Filter>png</Filter>
    </ClCompile>
    <ClCompile Include="..\skia\third_party\externals\libpng\pngwrite.c">
      <Filter>png</Filter>
    </ClCompile>
    <ClCompile Include="..\skia\third_party\externals\libpng\pngwtran.c">
      <Filter>png</Filter>
    </ClCompile>
    <ClCompile Include="..\skia\third_party\externals\libpng\pngwutil.c">
      <Filter>png</Filter>
    </ClCompile>
    <ClCompile Include="..\skia\third_party\externals\zlib\adler32.c">
      <Filter>zlib</Filter>
    </ClCompile>
    <ClCompile Include="..\skia\third_party\externals\zlib\compress.c">
      <Filter>zlib</Filter>
    </ClCompile>
    <ClCompile Include="..\skia\third_party\externals\zlib\crc32.c">
      <Filter>zlib</Filter>
    </ClCompile>
    <ClCompile Include="..\skia\third_party\externals\zlib\deflate.c">
      <Filter>zlib</Filter>
    </ClCompile>
    <ClCompile Include="..\skia\third_party\externals\zlib\gzclose.c">
      <Filter>zlib</Filter>
    </ClCompile>
    <ClCompile Include="..\skia\third_party\externals\zlib\gzlib.c">
      <Filter>zlib</Filter>
    </ClCompile>
    <ClCompile Include="..\skia\third_party\externals\zlib\gzread.c">
      <Filter>zlib</Filter>
    </ClCompile>
    <ClCompile Include="..\skia\third_party\externals\zlib\gzwrite.c">
      <Filter>zlib</Filter>
    </ClCompile>
    <ClCompile Include="..\skia\third_party\externals\zlib\infback.c">
      <Filter>zlib</Filter>
    </ClCompile>
    <ClCompile Include="..\skia\third_party\externals\zlib\inffast.c">
      <Filter>zlib</Filter>
    </ClCompile>
    <ClCompile Include="..\skia\third_party\externals\zlib\inflate.c">
      <Filter>zlib</Filter>
    </ClCompile>
    <ClCompile Include="..\skia\third_party\externals\zlib\inftrees.c">
      <Filter>zlib</Filter>
    </ClCompile>
    <ClCompile Include="..\skia\third_party\externals\zlib\trees.c">
      <Filter>zlib</Filter>
    </ClCompile>
    <ClCompile Include="..\skia\third_party\externals\zlib\uncompr.c">
      <Filter>zlib</Filter>
    </ClCompile>
    <ClCompile Include="..\skia\third_party\externals\zlib\zutil.c">
      <Filter>zlib</Filter>
    </ClCompile>
    <ClCompile Include="Canvas2D\BitmapImage.cpp">
      <Filter>CanvasContext\Canvas2D</Filter>
    </ClCompile>
    <ClCompile Include="Canvas2D\CanvasContext2D.cpp">
      <Filter>CanvasContext\Canvas2D</Filter>
    </ClCompile>
    <ClCompile Include="Canvas2D\CanvasGradient.cpp">
      <Filter>CanvasContext\Canvas2D</Filter>
    </ClCompile>
    <ClCompile Include="Canvas2D\CanvasPattern.cpp">
      <Filter>CanvasContext\Canvas2D</Filter>
    </ClCompile>
    <ClCompile Include="Canvas2D\CanvasStyle.cpp">
      <Filter>CanvasContext\Canvas2D</Filter>
    </ClCompile>
    <ClCompile Include="Canvas2D\Color.cpp">
      <Filter>CanvasContext\Canvas2D</Filter>
    </ClCompile>
    <ClCompile Include="Canvas2D\ColorData.cpp">
      <Filter>CanvasContext\Canvas2D</Filter>
    </ClCompile>
    <ClCompile Include="Canvas2D\CSSParserMode.cpp">
      <Filter>CanvasContext\Canvas2D</Filter>
    </ClCompile>
    <ClCompile Include="Canvas2D\CSSValueKeywords.cpp">
      <Filter>CanvasContext\Canvas2D</Filter>
    </ClCompile>
    <ClCompile Include="Canvas2D\DrawLooperBuilder.cpp">
      <Filter>CanvasContext\Canvas2D</Filter>
    </ClCompile>
    <ClCompile Include="Canvas2D\FontDescription.cpp">
      <Filter>CanvasContext\Canvas2D</Filter>
    </ClCompile>
    <ClCompile Include="Canvas2D\Gradient.cpp">
      <Filter>CanvasContext\Canvas2D</Filter>
    </ClCompile>
    <ClCompile Include="Canvas2D\GraphicsTypes.cpp">
      <Filter>CanvasContext\Canvas2D</Filter>
    </ClCompile>
    <ClCompile Include="Canvas2D\ImageData.cpp">
      <Filter>CanvasContext\Canvas2D</Filter>
    </ClCompile>
    <ClCompile Include="Canvas2D\Pattern.cpp">
      <Filter>CanvasContext\Canvas2D</Filter>
    </ClCompile>
    <ClCompile Include="utils\AffineTransform.cpp">
      <Filter>CanvasContext\utils</Filter>
    </ClCompile>
    <ClCompile Include="utils\SkiaUtils.cpp">
      <Filter>CanvasContext\utils</Filter>
    </ClCompile>
    <ClCompile Include="utils\TransformationMatrix.cpp">
      <Filter>CanvasContext\utils</Filter>
    </ClCompile>
    <ClCompile Include="utils\TypeTraits.cpp">
      <Filter>CanvasContext\utils</Filter>
    </ClCompile>
    <ClCompile Include="geometry\FloatPoint.cpp">
      <Filter>CanvasContext\geometry</Filter>
    </ClCompile>
    <ClCompile Include="geometry\FloatPoint3D.cpp">
      <Filter>CanvasContext\geometry</Filter>
    </ClCompile>
    <ClCompile Include="geometry\FloatQuad.cpp">
      <Filter>CanvasContext\geometry</Filter>
    </ClCompile>
    <ClCompile Include="geometry\FloatRect.cpp">
      <Filter>CanvasContext\geometry</Filter>
    </ClCompile>
    <ClCompile Include="geometry\FloatSize.cpp">
      <Filter>CanvasContext\geometry</Filter>
    </ClCompile>
    <ClCompile Include="geometry\IntRect.cpp">
      <Filter>CanvasContext\geometry</Filter>
    </ClCompile>
    <ClCompile Include="geometry\LayoutRect.cpp">
      <Filter>CanvasContext\geometry</Filter>
    </ClCompile>
    <ClCompile Include="geometry\RoundedRect.cpp">
      <Filter>CanvasContext\geometry</Filter>
    </ClCompile>
    <ClCompile Include="v8binding\JSEngine.cpp">
      <Filter>v8binding</Filter>
    </ClCompile>
    <ClCompile Include="v8binding\JSCore.cpp">
      <Filter>v8binding</Filter>
    </ClCompile>
    <ClCompile Include="v8binding\V8GlobalFun.cpp">
      <Filter>v8binding</Filter>
    </ClCompile>
    <ClCompile Include="v8binding\BitmapImage_v8.cpp">
      <Filter>v8binding</Filter>
    </ClCompile>
    <ClCompile Include="v8binding\V8Binding.cpp">
      <Filter>v8binding</Filter>
    </ClCompile>
    <ClCompile Include="v8binding\DOMDataStore.cpp">
      <Filter>v8binding</Filter>
    </ClCompile>
    <ClCompile Include="v8binding\V8CanvasGradient.cpp">
      <Filter>v8binding</Filter>
    </ClCompile>
    <ClCompile Include="v8binding\V8CanvasContext2D.cpp">
      <Filter>v8binding</Filter>
    </ClCompile>
    <ClCompile Include="v8binding\V8DOMWrapper.cpp">
      <Filter>v8binding</Filter>
    </ClCompile>
    <ClCompile Include="v8binding\V8ImageData.cpp">
      <Filter>v8binding</Filter>
    </ClCompile>
  </ItemGroup>
  <ItemGroup>
    <ClInclude Include="..\skia\third_party\externals\libpng\png.h">
      <Filter>png</Filter>
    </ClInclude>
    <ClInclude Include="..\skia\third_party\externals\libpng\pngconf.h">
      <Filter>png</Filter>
    </ClInclude>
    <ClInclude Include="..\skia\third_party\externals\libpng\pngusr.h">
      <Filter>png</Filter>
    </ClInclude>
    <ClInclude Include="..\skia\third_party\externals\zlib\crc32.h">
      <Filter>zlib</Filter>
    </ClInclude>
    <ClInclude Include="..\skia\third_party\externals\zlib\deflate.h">
      <Filter>zlib</Filter>
    </ClInclude>
    <ClInclude Include="..\skia\third_party\externals\zlib\gzguts.h">
      <Filter>zlib</Filter>
    </ClInclude>
    <ClInclude Include="..\skia\third_party\externals\zlib\inffast.h">
      <Filter>zlib</Filter>
    </ClInclude>
    <ClInclude Include="..\skia\third_party\externals\zlib\inffixed.h">
      <Filter>zlib</Filter>
    </ClInclude>
    <ClInclude Include="..\skia\third_party\externals\zlib\inflate.h">
      <Filter>zlib</Filter>
    </ClInclude>
    <ClInclude Include="..\skia\third_party\externals\zlib\inftrees.h">
      <Filter>zlib</Filter>
    </ClInclude>
    <ClInclude Include="..\skia\third_party\externals\zlib\mozzconf.h">
      <Filter>zlib</Filter>
    </ClInclude>
    <ClInclude Include="..\skia\third_party\externals\zlib\trees.h">
      <Filter>zlib</Filter>
    </ClInclude>
    <ClInclude Include="..\skia\third_party\externals\zlib\zconf.h">
      <Filter>zlib</Filter>
    </ClInclude>
    <ClInclude Include="..\skia\third_party\externals\zlib\zlib.h">
      <Filter>zlib</Filter>
    </ClInclude>
    <ClInclude Include="..\skia\third_party\externals\zlib\zutil.h">
      <Filter>zlib</Filter>
    </ClInclude>
    <ClInclude Include="Canvas2D\BitmapImage.h">
      <Filter>CanvasContext\Canvas2D</Filter>
    </ClInclude>
    <ClInclude Include="Canvas2D\CanvasContext2D.h">
      <Filter>CanvasContext\Canvas2D</Filter>
    </ClInclude>
    <ClInclude Include="Canvas2D\CanvasGradient.h">
      <Filter>CanvasContext\Canvas2D</Filter>
    </ClInclude>
    <ClInclude Include="Canvas2D\CanvasPattern.h">
      <Filter>CanvasContext\Canvas2D</Filter>
    </ClInclude>
    <ClInclude Include="Canvas2D\CanvasStyle.h">
      <Filter>CanvasContext\Canvas2D</Filter>
    </ClInclude>
    <ClInclude Include="Canvas2D\Color.h">
      <Filter>CanvasContext\Canvas2D</Filter>
    </ClInclude>
    <ClInclude Include="Canvas2D\CSSParserMode.h">
      <Filter>CanvasContext\Canvas2D</Filter>
    </ClInclude>
    <ClInclude Include="Canvas2D\CSSValueKeywords.h">
      <Filter>CanvasContext\Canvas2D</Filter>
    </ClInclude>
    <ClInclude Include="Canvas2D\DrawLooperBuilder.h">
      <Filter>CanvasContext\Canvas2D</Filter>
    </ClInclude>
    <ClInclude Include="Canvas2D\FontDescription.h">
      <Filter>CanvasContext\Canvas2D</Filter>
    </ClInclude>
    <ClInclude Include="Canvas2D\Gradient.h">
      <Filter>CanvasContext\Canvas2D</Filter>
    </ClInclude>
    <ClInclude Include="Canvas2D\graphicstypes.h">
      <Filter>CanvasContext\Canvas2D</Filter>
    </ClInclude>
    <ClInclude Include="Canvas2D\HashTools.h">
      <Filter>CanvasContext\Canvas2D</Filter>
    </ClInclude>
    <ClInclude Include="Canvas2D\ImageData.h">
      <Filter>CanvasContext\Canvas2D</Filter>
    </ClInclude>
    <ClInclude Include="Canvas2D\Pattern.h">
      <Filter>CanvasContext\Canvas2D</Filter>
    </ClInclude>
    <ClInclude Include="utils\AffineTransform.h">
      <Filter>CanvasContext\utils</Filter>
    </ClInclude>
    <ClInclude Include="utils\ASCIICType.h">
      <Filter>CanvasContext\utils</Filter>
    </ClInclude>
    <ClInclude Include="utils\MathExtras.h">
      <Filter>CanvasContext\utils</Filter>
    </ClInclude>
    <ClInclude Include="utils\PassRefPtr.h">
      <Filter>CanvasContext\utils</Filter>
    </ClInclude>
    <ClInclude Include="utils\RawPtr.h">
      <Filter>CanvasContext\utils</Filter>
    </ClInclude>
    <ClInclude Include="utils\RefCounted.h">
      <Filter>CanvasContext\utils</Filter>
    </ClInclude>
    <ClInclude Include="utils\RefPtr.h">
      <Filter>CanvasContext\utils</Filter>
    </ClInclude>
    <ClInclude Include="utils\SkiaUtils.h">
      <Filter>CanvasContext\utils</Filter>
    </ClInclude>
    <ClInclude Include="utils\TransformationMatrix.h">
      <Filter>CanvasContext\utils</Filter>
    </ClInclude>
    <ClInclude Include="utils\TypeTraits.h">
      <Filter>CanvasContext\utils</Filter>
    </ClInclude>
    <ClInclude Include="v8binding\JSEngine.h">
      <Filter>v8binding</Filter>
    </ClInclude>
    <ClInclude Include="v8binding\JSCore.h">
      <Filter>v8binding</Filter>
    </ClInclude>
    <ClInclude Include="v8binding\V8GlobalFun.h">
      <Filter>v8binding</Filter>
    </ClInclude>
    <ClInclude Include="v8binding\BitmapImage_v8.h">
      <Filter>v8binding</Filter>
    </ClInclude>
    <ClInclude Include="utils\AnimationUtilities.h">
      <Filter>CanvasContext\utils</Filter>
    </ClInclude>
    <ClInclude Include="v8binding\V8Binding.h">
      <Filter>v8binding</Filter>
    </ClInclude>
    <ClInclude Include="v8binding\WrapperTypeInfo.h">
      <Filter>v8binding</Filter>
    </ClInclude>
    <ClInclude Include="v8binding\DOMDataStore.h">
      <Filter>v8binding</Filter>
    </ClInclude>
    <ClInclude Include="v8binding\ScriptWrappable.h">
      <Filter>v8binding</Filter>
    </ClInclude>
    <ClInclude Include="v8binding\DOMWrapperMap.h">
      <Filter>v8binding</Filter>
    </ClInclude>
    <ClInclude Include="v8binding\UnsafePersistent.h">
      <Filter>v8binding</Filter>
    </ClInclude>
    <ClInclude Include="v8binding\V8CanvasGradient.h">
      <Filter>v8binding</Filter>
    </ClInclude>
    <ClInclude Include="v8binding\V8CanvasContext2D.h">
      <Filter>v8binding</Filter>
    </ClInclude>
    <ClInclude Include="v8binding\V8DOMWrapper.h">
      <Filter>v8binding</Filter>
    </ClInclude>
    <ClInclude Include="v8binding\V8ImageData.h">
      <Filter>v8binding</Filter>
    </ClInclude>
  </ItemGroup>
</Project>