<?xml version="1.0" encoding="utf-8"?>
<Project ToolsVersion="4.0" xmlns="http://schemas.microsoft.com/developer/msbuild/2003">
  <ItemGroup>
    <Filter Include="Canvas">
      <UniqueIdentifier>{1b92623e-6f3a-4298-94c4-1dafbf1937ad}</UniqueIdentifier>
    </Filter>
    <Filter Include="platform">
      <UniqueIdentifier>{1a2f175d-7a05-4c82-ae11-e8563ac8fe25}</UniqueIdentifier>
    </Filter>
    <Filter Include="platform\graphics">
      <UniqueIdentifier>{b19e3cb1-50da-4488-8177-8c34008b3029}</UniqueIdentifier>
    </Filter>
    <Filter Include="blink">
      <UniqueIdentifier>{ebb1fe59-2857-4ac8-8aef-42ffcb4ac01e}</UniqueIdentifier>
    </Filter>
    <Filter Include="platform\geometry">
      <UniqueIdentifier>{5b7b6770-9af5-4360-94c8-24a99ea5f8b3}</UniqueIdentifier>
    </Filter>
    <Filter Include="platform\transforms">
      <UniqueIdentifier>{849096bf-f157-48b7-b71a-ae7c365b346e}</UniqueIdentifier>
    </Filter>
    <Filter Include="platform\graphics\skia">
      <UniqueIdentifier>{4cfb1a8c-ff7a-4005-ae4f-e66f924455ab}</UniqueIdentifier>
    </Filter>
    <Filter Include="platform\text">
      <UniqueIdentifier>{3d0c521c-67b8-4c17-9e58-78bd4240265b}</UniqueIdentifier>
    </Filter>
    <Filter Include="platform\font">
      <UniqueIdentifier>{292a6cca-bf9f-4ffb-879c-9e8119eeaee8}</UniqueIdentifier>
    </Filter>
    <Filter Include="platform\image-encoders">
      <UniqueIdentifier>{e5bf348e-e7df-49d5-9ff2-cfa8ac934b82}</UniqueIdentifier>
    </Filter>
    <Filter Include="platform\image-encoders\skia">
      <UniqueIdentifier>{b77f6acc-dbc6-4e61-bd8f-8f26a1c1d837}</UniqueIdentifier>
    </Filter>
    <Filter Include="png">
      <UniqueIdentifier>{d9d02376-d1ef-481e-932b-889df895ad87}</UniqueIdentifier>
    </Filter>
    <Filter Include="platform\image-decoders">
      <UniqueIdentifier>{18cd579a-8f61-43a5-8ce5-3fe5a4e6b9cc}</UniqueIdentifier>
    </Filter>
    <Filter Include="platform\image-decoders\bmp">
      <UniqueIdentifier>{c1bdedd0-caea-4a80-a45d-8a12ff0dfefc}</UniqueIdentifier>
    </Filter>
    <Filter Include="platform\font\harfbuzz">
      <UniqueIdentifier>{667aba75-efae-4585-8400-22a258534e7a}</UniqueIdentifier>
    </Filter>
    <Filter Include="platform\font\opentype">
      <UniqueIdentifier>{c2997379-0936-4916-8018-c30c3345531d}</UniqueIdentifier>
    </Filter>
    <Filter Include="css">
      <UniqueIdentifier>{6b39f0e5-ea32-45ed-acb4-8e23d3069de0}</UniqueIdentifier>
    </Filter>
    <Filter Include="style">
      <UniqueIdentifier>{fb3ba589-30c4-4a9c-ad0b-3c76e96a1adf}</UniqueIdentifier>
    </Filter>
    <Filter Include="dom">
      <UniqueIdentifier>{4519387f-c8e0-4858-9fd3-81d7ca1c601a}</UniqueIdentifier>
    </Filter>
    <Filter Include="css\resolver">
      <UniqueIdentifier>{32006688-f8bb-45df-9ad2-654f8c1a84e4}</UniqueIdentifier>
    </Filter>
    <Filter Include="platform\image-decoders\png">
      <UniqueIdentifier>{f060a19a-9a9f-479b-a8dc-cd0e1cae29ea}</UniqueIdentifier>
    </Filter>
  </ItemGroup>
  <ItemGroup>
    <ClCompile Include="Canvas\CanvasPathMethods.cpp">
      <Filter>Canvas</Filter>
    </ClCompile>
    <ClCompile Include="platform\graphics\Path.cpp">
      <Filter>platform\graphics</Filter>
    </ClCompile>
    <ClCompile Include="blink\FontFamilyNames.cpp">
      <Filter>blink</Filter>
    </ClCompile>
    <ClCompile Include="platform\SharedBuffer.cpp">
      <Filter>platform</Filter>
    </ClCompile>
    <ClCompile Include="platform\PurgeableVector.cpp">
      <Filter>platform</Filter>
    </ClCompile>
    <ClCompile Include="platform\geometry\FloatPoint.cpp">
      <Filter>platform\geometry</Filter>
    </ClCompile>
    <ClCompile Include="platform\transforms\AffineTransform.cpp">
      <Filter>platform\transforms</Filter>
    </ClCompile>
    <ClCompile Include="platform\transforms\TransformationMatrix.cpp">
      <Filter>platform\transforms</Filter>
    </ClCompile>
    <ClCompile Include="platform\geometry\FloatRect.cpp">
      <Filter>platform\geometry</Filter>
    </ClCompile>
    <ClCompile Include="platform\geometry\FloatSize.cpp">
      <Filter>platform\geometry</Filter>
    </ClCompile>
    <ClCompile Include="platform\geometry\FloatQuad.cpp">
      <Filter>platform\geometry</Filter>
    </ClCompile>
    <ClCompile Include="platform\geometry\LayoutRect.cpp">
      <Filter>platform\geometry</Filter>
    </ClCompile>
    <ClCompile Include="platform\graphics\skia\SkiaUtils.cpp">
      <Filter>platform\graphics\skia</Filter>
    </ClCompile>
    <ClCompile Include="platform\graphics\StrokeData.cpp">
      <Filter>platform\graphics</Filter>
    </ClCompile>
    <ClCompile Include="platform\text\TextRun.cpp">
      <Filter>platform\text</Filter>
    </ClCompile>
    <ClCompile Include="platform\fonts\FontDescription.cpp">
      <Filter>platform\font</Filter>
    </ClCompile>
    <ClCompile Include="blink\RuntimeEnabledFeatures.cpp">
      <Filter>blink</Filter>
    </ClCompile>
    <ClCompile Include="platform\geometry\IntRect.cpp">
      <Filter>platform\geometry</Filter>
    </ClCompile>
    <ClCompile Include="platform\geometry\RoundedRect.cpp">
      <Filter>platform\geometry</Filter>
    </ClCompile>
    <ClCompile Include="platform\graphics\GraphicsContext.cpp">
      <Filter>platform\graphics</Filter>
    </ClCompile>
    <ClCompile Include="platform\graphics\GraphicsContextState.cpp">
      <Filter>platform\graphics</Filter>
    </ClCompile>
    <ClCompile Include="platform\graphics\Gradient.cpp">
      <Filter>platform\graphics</Filter>
    </ClCompile>
    <ClCompile Include="platform\graphics\Pattern.cpp">
      <Filter>platform\graphics</Filter>
    </ClCompile>
    <ClCompile Include="platform\graphics\DrawLooper.cpp">
      <Filter>platform\graphics</Filter>
    </ClCompile>
    <ClCompile Include="platform\text\BidiCharacterRun.cpp">
      <Filter>platform\text</Filter>
    </ClCompile>
    <ClCompile Include="platform\text\BidiContext.cpp">
      <Filter>platform\text</Filter>
    </ClCompile>
    <ClCompile Include="platform\graphics\ImageBuffer.cpp">
      <Filter>platform\graphics</Filter>
    </ClCompile>
    <ClCompile Include="platform\image-encoders\skia\PNGImageEncoder.cpp">
      <Filter>platform\image-encoders\skia</Filter>
    </ClCompile>
    <ClCompile Include="..\third_party\libpng\pngwutil.c">
      <Filter>png</Filter>
    </ClCompile>
    <ClCompile Include="..\third_party\libpng\png.c">
      <Filter>png</Filter>
    </ClCompile>
    <ClCompile Include="..\third_party\libpng\pngerror.c">
      <Filter>png</Filter>
    </ClCompile>
    <ClCompile Include="..\third_party\libpng\pnggccrd.c">
      <Filter>png</Filter>
    </ClCompile>
    <ClCompile Include="..\third_party\libpng\pngget.c">
      <Filter>png</Filter>
    </ClCompile>
    <ClCompile Include="..\third_party\libpng\pngmem.c">
      <Filter>png</Filter>
    </ClCompile>
    <ClCompile Include="..\third_party\libpng\pngpread.c">
      <Filter>png</Filter>
    </ClCompile>
    <ClCompile Include="..\third_party\libpng\pngread.c">
      <Filter>png</Filter>
    </ClCompile>
    <ClCompile Include="..\third_party\libpng\pngrio.c">
      <Filter>png</Filter>
    </ClCompile>
    <ClCompile Include="..\third_party\libpng\pngrtran.c">
      <Filter>png</Filter>
    </ClCompile>
    <ClCompile Include="..\third_party\libpng\pngrutil.c">
      <Filter>png</Filter>
    </ClCompile>
    <ClCompile Include="..\third_party\libpng\pngset.c">
      <Filter>png</Filter>
    </ClCompile>
    <ClCompile Include="..\third_party\libpng\pngtrans.c">
      <Filter>png</Filter>
    </ClCompile>
    <ClCompile Include="..\third_party\libpng\pngvcrd.c">
      <Filter>png</Filter>
    </ClCompile>
    <ClCompile Include="..\third_party\libpng\pngwio.c">
      <Filter>png</Filter>
    </ClCompile>
    <ClCompile Include="..\third_party\libpng\pngwrite.c">
      <Filter>png</Filter>
    </ClCompile>
    <ClCompile Include="..\third_party\libpng\pngwtran.c">
      <Filter>png</Filter>
    </ClCompile>
    <ClCompile Include="platform\image-encoders\skia\JPEGImageEncoder.cpp">
      <Filter>platform\image-encoders\skia</Filter>
    </ClCompile>
    <ClCompile Include="platform\graphics\UnacceleratedImageBufferSurface.cpp">
      <Filter>platform\graphics</Filter>
    </ClCompile>
    <ClCompile Include="platform\graphics\ImageBufferSurface.cpp">
      <Filter>platform\graphics</Filter>
    </ClCompile>
    <ClCompile Include="platform\graphics\ColorSpace.cpp">
      <Filter>platform\graphics</Filter>
    </ClCompile>
    <ClCompile Include="platform\graphics\DisplayList.cpp">
      <Filter>platform\graphics</Filter>
    </ClCompile>
    <ClCompile Include="platform\graphics\BitmapImage.cpp">
      <Filter>platform\graphics</Filter>
    </ClCompile>
    <ClCompile Include="platform\graphics\skia\OpaqueRegionSkia.cpp">
      <Filter>platform\graphics\skia</Filter>
    </ClCompile>
    <ClCompile Include="platform\graphics\Image.cpp">
      <Filter>platform\graphics</Filter>
    </ClCompile>
    <ClCompile Include="platform\Length.cpp">
      <Filter>platform</Filter>
    </ClCompile>
    <ClCompile Include="platform\CalculationValue.cpp">
      <Filter>platform</Filter>
    </ClCompile>
    <ClCompile Include="platform\LengthFunctions.cpp">
      <Filter>platform</Filter>
    </ClCompile>
    <ClCompile Include="platform\graphics\skia\NativeImageSkia.cpp">
      <Filter>platform\graphics\skia</Filter>
    </ClCompile>
    <ClCompile Include="platform\graphics\DeferredImageDecoder.cpp">
      <Filter>platform\graphics</Filter>
    </ClCompile>
    <ClCompile Include="platform\graphics\GraphicsContextAnnotation.cpp">
      <Filter>platform\graphics</Filter>
    </ClCompile>
    <ClCompile Include="platform\fonts\Font.cpp">
      <Filter>platform\font</Filter>
    </ClCompile>
    <ClCompile Include="platform\graphics\Color.cpp">
      <Filter>platform\graphics</Filter>
    </ClCompile>
    <ClCompile Include="platform\graphics\LazyDecodingPixelRef.cpp">
      <Filter>platform\graphics</Filter>
    </ClCompile>
    <ClCompile Include="platform\graphics\ImageFrameGenerator.cpp">
      <Filter>platform\graphics</Filter>
    </ClCompile>
    <ClCompile Include="platform\graphics\ImageDecodingStore.cpp">
      <Filter>platform\graphics</Filter>
    </ClCompile>
    <ClCompile Include="platform\graphics\ThreadSafeDataTransport.cpp">
      <Filter>platform\graphics</Filter>
    </ClCompile>
    <ClCompile Include="platform\graphics\ScaledImageFragment.cpp">
      <Filter>platform\graphics</Filter>
    </ClCompile>
    <ClCompile Include="platform\graphics\DiscardablePixelRef.cpp">
      <Filter>platform\graphics</Filter>
    </ClCompile>
    <ClCompile Include="platform\graphics\DecodingImageGenerator.cpp">
      <Filter>platform\graphics</Filter>
    </ClCompile>
    <ClCompile Include="platform\image-decoders\ImageDecoder.cpp">
      <Filter>platform\image-decoders</Filter>
    </ClCompile>
    <ClCompile Include="platform\image-decoders\ImageFrame.cpp">
      <Filter>platform\image-decoders</Filter>
    </ClCompile>
    <ClCompile Include="platform\image-decoders\bmp\BMPImageReader.cpp">
      <Filter>platform\image-decoders\bmp</Filter>
    </ClCompile>
    <ClCompile Include="platform\image-decoders\bmp\BMPImageDecoder.cpp">
      <Filter>platform\image-decoders\bmp</Filter>
    </ClCompile>
    <ClCompile Include="blink\ColorData.cpp">
      <Filter>blink</Filter>
    </ClCompile>
    <ClCompile Include="platform\graphics\ImageObserver.cpp">
      <Filter>platform\graphics</Filter>
    </ClCompile>
    <ClCompile Include="platform\graphics\ImageSource.cpp">
      <Filter>platform\graphics</Filter>
    </ClCompile>
    <ClCompile Include="platform\graphics\FrameData.cpp">
      <Filter>platform\graphics</Filter>
    </ClCompile>
    <ClCompile Include="platform\graphics\ImageOrientation.cpp">
      <Filter>platform\graphics</Filter>
    </ClCompile>
    <ClCompile Include="platform\fonts\Character.cpp">
      <Filter>platform\font</Filter>
    </ClCompile>
    <ClCompile Include="platform\fonts\WidthIterator.cpp">
      <Filter>platform\font</Filter>
    </ClCompile>
    <ClCompile Include="platform\text\SurrogatePairAwareTextIterator.cpp">
      <Filter>platform\text</Filter>
    </ClCompile>
    <ClCompile Include="platform\fonts\harfbuzz\FontHarfBuzz.cpp">
      <Filter>platform\font\harfbuzz</Filter>
    </ClCompile>
    <ClCompile Include="platform\fonts\harfbuzz\HarfBuzzShaper.cpp">
      <Filter>platform\font\harfbuzz</Filter>
    </ClCompile>
    <ClCompile Include="platform\fonts\harfbuzz\HarfBuzzFace.cpp">
      <Filter>platform\font\harfbuzz</Filter>
    </ClCompile>
    <ClCompile Include="platform\text\TextBreakIterator.cpp">
      <Filter>platform\text</Filter>
    </ClCompile>
    <ClCompile Include="platform\text\TextBreakIteratorICU.cpp">
      <Filter>platform\text</Filter>
    </ClCompile>
    <ClCompile Include="platform\text\TextBreakIteratorInternalICU.cpp">
      <Filter>platform\text</Filter>
    </ClCompile>
    <ClCompile Include="platform\fonts\harfbuzz\HarfBuzzFaceSkia.cpp">
      <Filter>platform\font\harfbuzz</Filter>
    </ClCompile>
    <ClCompile Include="platform\fonts\SimpleFontData.cpp">
      <Filter>platform\font</Filter>
    </ClCompile>
    <ClCompile Include="platform\fonts\skia\SimpleFontDataSkia.cpp">
      <Filter>platform\font</Filter>
    </ClCompile>
    <ClCompile Include="platform\fonts\GlyphPageTreeNode.cpp">
      <Filter>platform\font</Filter>
    </ClCompile>
    <ClCompile Include="platform\fonts\skia\FontPlatformDataSkia.cpp">
      <Filter>platform\font</Filter>
    </ClCompile>
    <ClCompile Include="platform\fonts\win\FontPlatformDataWin.cpp">
      <Filter>platform\font</Filter>
    </ClCompile>
    <ClCompile Include="platform\fonts\FontCache.cpp">
      <Filter>platform\font</Filter>
    </ClCompile>
    <ClCompile Include="platform\fonts\SegmentedFontData.cpp">
      <Filter>platform\font</Filter>
    </ClCompile>
    <ClCompile Include="platform\fonts\skia\GlyphPageTreeNodeSkia.cpp">
      <Filter>platform\font</Filter>
    </ClCompile>
    <ClCompile Include="platform\fonts\FontDataCache.cpp">
      <Filter>platform\font</Filter>
    </ClCompile>
    <ClCompile Include="platform\fonts\win\FontCacheSkiaWin.cpp">
      <Filter>platform\font</Filter>
    </ClCompile>
    <ClCompile Include="platform\fonts\win\FontFallbackWin.cpp">
      <Filter>platform\font</Filter>
    </ClCompile>
    <ClCompile Include="platform\fonts\skia\FontCacheSkia.cpp">
      <Filter>platform\font</Filter>
    </ClCompile>
    <ClCompile Include="platform\fonts\FontFallbackList.cpp">
      <Filter>platform\font</Filter>
    </ClCompile>
    <ClCompile Include="platform\fonts\FontData.cpp">
      <Filter>platform\font</Filter>
    </ClCompile>
    <ClCompile Include="platform\fonts\FontFeatureSettings.cpp">
      <Filter>platform\font</Filter>
    </ClCompile>
    <ClCompile Include="platform\fonts\opentype\OpenTypeVerticalData.cpp">
      <Filter>platform\font\opentype</Filter>
    </ClCompile>
    <ClCompile Include="platform\fonts\FontFamily.cpp">
      <Filter>platform\font</Filter>
    </ClCompile>
    <ClCompile Include="Canvas\CanvasStyle.cpp">
      <Filter>Canvas</Filter>
    </ClCompile>
    <ClCompile Include="Canvas\CanvasGradient.cpp">
      <Filter>Canvas</Filter>
    </ClCompile>
    <ClCompile Include="Canvas\CanvasPattern.cpp">
      <Filter>Canvas</Filter>
    </ClCompile>
    <ClCompile Include="Canvas\CanvasRenderingContext2D.cpp">
      <Filter>Canvas</Filter>
    </ClCompile>
    <ClCompile Include="Canvas\Canvas2DContextAttributes.cpp">
      <Filter>Canvas</Filter>
    </ClCompile>
    <ClCompile Include="Canvas\ImageData.cpp">
      <Filter>Canvas</Filter>
    </ClCompile>
    <ClCompile Include="platform\graphics\GraphicsTypes.cpp">
      <Filter>platform\graphics</Filter>
    </ClCompile>
    <ClCompile Include="css\BisonCSSParser.cpp">
      <Filter>css</Filter>
    </ClCompile>
    <ClCompile Include="css\CSSPropertyNames.cpp">
      <Filter>css</Filter>
    </ClCompile>
    <ClCompile Include="css\CSSParserMode.cpp">
      <Filter>css</Filter>
    </ClCompile>
    <ClCompile Include="css\StylePropertySet.cpp">
      <Filter>css</Filter>
    </ClCompile>
    <ClCompile Include="css\CSSPrimitiveValue.cpp">
      <Filter>css</Filter>
    </ClCompile>
    <ClCompile Include="css\CSSValueKeywords.cpp">
      <Filter>css</Filter>
    </ClCompile>
    <ClCompile Include="css\CSSValue.cpp">
      <Filter>css</Filter>
    </ClCompile>
    <ClCompile Include="css\CSSArrayFunctionValue.cpp">
      <Filter>css</Filter>
    </ClCompile>
    <ClCompile Include="css\CSSValueList.cpp">
      <Filter>css</Filter>
    </ClCompile>
    <ClCompile Include="css\CSSParserValues.cpp">
      <Filter>css</Filter>
    </ClCompile>
    <ClCompile Include="css\CSSBasicShapes.cpp">
      <Filter>css</Filter>
    </ClCompile>
    <ClCompile Include="css\CSSValuePool.cpp">
      <Filter>css</Filter>
    </ClCompile>
    <ClCompile Include="css\CSSInheritedValue.cpp">
      <Filter>css</Filter>
    </ClCompile>
    <ClCompile Include="css\CSSInitialValue.cpp">
      <Filter>css</Filter>
    </ClCompile>
    <ClCompile Include="css\CSSCalculationValue.cpp">
      <Filter>css</Filter>
    </ClCompile>
    <ClCompile Include="css\CSSSelector.cpp">
      <Filter>css</Filter>
    </ClCompile>
    <ClCompile Include="dom\QualifiedName.cpp">
      <Filter>dom</Filter>
    </ClCompile>
    <ClCompile Include="blink\HTMLNames.cpp">
      <Filter>blink</Filter>
    </ClCompile>
    <ClCompile Include="blink\XLinkNames.cpp">
      <Filter>blink</Filter>
    </ClCompile>
    <ClCompile Include="blink\XMLNames.cpp">
      <Filter>blink</Filter>
    </ClCompile>
    <ClCompile Include="blink\XMLNSNames.cpp">
      <Filter>blink</Filter>
    </ClCompile>
    <ClCompile Include="css\CSSOMUtils.cpp">
      <Filter>css</Filter>
    </ClCompile>
    <ClCompile Include="css\CSSSelectorList.cpp">
      <Filter>css</Filter>
    </ClCompile>
    <ClCompile Include="css\CSSToLengthConversionData.cpp">
      <Filter>css</Filter>
    </ClCompile>
    <ClCompile Include="css\CSSAnimationData.cpp">
      <Filter>css</Filter>
    </ClCompile>
    <ClCompile Include="css\CSSAnimationDataList.cpp">
      <Filter>css</Filter>
    </ClCompile>
    <ClCompile Include="css\CSSLineBoxContainValue.cpp">
      <Filter>css</Filter>
    </ClCompile>
    <ClCompile Include="style\CounterDirectives.cpp">
      <Filter>style</Filter>
    </ClCompile>
    <ClCompile Include="style\NinePieceImage.cpp">
      <Filter>style</Filter>
    </ClCompile>
    <ClCompile Include="platform\LengthBox.cpp">
      <Filter>platform</Filter>
    </ClCompile>
    <ClCompile Include="style\BasicShapes.cpp">
      <Filter>style</Filter>
    </ClCompile>
    <ClCompile Include="css\Pair.cpp">
      <Filter>css</Filter>
    </ClCompile>
    <ClCompile Include="css\BasicShapeFunctions.cpp">
      <Filter>css</Filter>
    </ClCompile>
    <ClCompile Include="css\resolver\ElementStyleResources.cpp">
      <Filter>css\resolver</Filter>
    </ClCompile>
    <ClCompile Include="css\CSSGradientValue.cpp">
      <Filter>css</Filter>
    </ClCompile>
    <ClCompile Include="css\CSSImageGeneratorValue.cpp">
      <Filter>css</Filter>
    </ClCompile>
    <ClCompile Include="dom\TextLinkColors.cpp">
      <Filter>dom</Filter>
    </ClCompile>
    <ClCompile Include="style\StyleGeneratedImage.cpp">
      <Filter>style</Filter>
    </ClCompile>
    <ClCompile Include="css\CSSCursorImageValue.cpp">
      <Filter>css</Filter>
    </ClCompile>
    <ClCompile Include="css\CSSImageValue.cpp">
      <Filter>css</Filter>
    </ClCompile>
    <ClCompile Include="css\CSSMarkup.cpp">
      <Filter>css</Filter>
    </ClCompile>
    <ClCompile Include="css\CSSImageSetValue.cpp">
      <Filter>css</Filter>
    </ClCompile>
    <ClCompile Include="css\CSSBorderImageSliceValue.cpp">
      <Filter>css</Filter>
    </ClCompile>
    <ClCompile Include="css\Rect.cpp">
      <Filter>css</Filter>
    </ClCompile>
    <ClCompile Include="css\CSSFilterValue.cpp">
      <Filter>css</Filter>
    </ClCompile>
    <ClCompile Include="css\CSSProperty.cpp">
      <Filter>css</Filter>
    </ClCompile>
    <ClCompile Include="blink\StylePropertyShorthand.cpp">
      <Filter>blink</Filter>
    </ClCompile>
    <ClCompile Include="css\CSSPropertySourceData.cpp">
      <Filter>css</Filter>
    </ClCompile>
    <ClCompile Include="css\CSSKeyframeRule.cpp">
      <Filter>css</Filter>
    </ClCompile>
    <ClCompile Include="css\CSSRule.cpp">
      <Filter>css</Filter>
    </ClCompile>
    <ClCompile Include="css\CSSKeyframesRule.cpp">
      <Filter>css</Filter>
    </ClCompile>
    <ClCompile Include="css\CSSAspectRatioValue.cpp">
      <Filter>css</Filter>
    </ClCompile>
    <ClCompile Include="css\Counter.cpp">
      <Filter>css</Filter>
    </ClCompile>
    <ClCompile Include="css\CSSPropertyParser.cpp">
      <Filter>css</Filter>
    </ClCompile>
    <ClCompile Include="css\CSSBorderImage.cpp">
      <Filter>css</Filter>
    </ClCompile>
    <ClCompile Include="css\CSSUnicodeRangeValue.cpp">
      <Filter>css</Filter>
    </ClCompile>
    <ClCompile Include="css\CSSGridLineNamesValue.cpp">
      <Filter>css</Filter>
    </ClCompile>
    <ClCompile Include="css\CSSFunctionValue.cpp">
      <Filter>css</Filter>
    </ClCompile>
    <ClCompile Include="css\CSSShadowValue.cpp">
      <Filter>css</Filter>
    </ClCompile>
    <ClCompile Include="css\CSSReflectValue.cpp">
      <Filter>css</Filter>
    </ClCompile>
    <ClCompile Include="css\CSSTransformValue.cpp">
      <Filter>css</Filter>
    </ClCompile>
    <ClCompile Include="css\RGBColor.cpp">
      <Filter>css</Filter>
    </ClCompile>
    <ClCompile Include="css\StylePropertySerializer.cpp">
      <Filter>css</Filter>
    </ClCompile>
    <ClCompile Include="css\RuntimeCSSEnabled.cpp">
      <Filter>css</Filter>
    </ClCompile>
    <ClCompile Include="css\CSSRuleList.cpp">
      <Filter>css</Filter>
    </ClCompile>
    <ClCompile Include="css\StylePropertyShorthandCustom.cpp">
      <Filter>css</Filter>
    </ClCompile>
    <ClCompile Include="platform\graphics\GradientGeneratedImage.cpp">
      <Filter>platform\graphics</Filter>
    </ClCompile>
    <ClCompile Include="platform\graphics\GeneratedImage.cpp">
      <Filter>platform\graphics</Filter>
    </ClCompile>
    <ClCompile Include="blink\CSSGrammar.cpp">
      <Filter>blink</Filter>
    </ClCompile>
    <ClCompile Include="blink\CSSTokenizer.cpp">
      <Filter>blink</Filter>
    </ClCompile>
    <ClCompile Include="platform\image-decoders\png\PNGImageDecoder.cpp">
      <Filter>platform\image-decoders\png</Filter>
    </ClCompile>
  </ItemGroup>
  <ItemGroup>
    <ClInclude Include="Canvas\CanvasPathMethods.h">
      <Filter>Canvas</Filter>
    </ClInclude>
    <ClInclude Include="platform\graphics\Path.h">
      <Filter>platform\graphics</Filter>
    </ClInclude>
    <ClInclude Include="blink\FontFamilyNames.h">
      <Filter>blink</Filter>
    </ClInclude>
    <ClInclude Include="platform\SharedBuffer.h">
      <Filter>platform</Filter>
    </ClInclude>
    <ClInclude Include="platform\PurgeableVector.h">
      <Filter>platform</Filter>
    </ClInclude>
    <ClInclude Include="platform\geometry\FloatPoint.h">
      <Filter>platform\geometry</Filter>
    </ClInclude>
    <ClInclude Include="platform\transforms\AffineTransform.h">
      <Filter>platform\transforms</Filter>
    </ClInclude>
    <ClInclude Include="platform\transforms\TransformationMatrix.h">
      <Filter>platform\transforms</Filter>
    </ClInclude>
    <ClInclude Include="platform\geometry\FloatRect.h">
      <Filter>platform\geometry</Filter>
    </ClInclude>
    <ClInclude Include="platform\geometry\FloatSize.h">
      <Filter>platform\geometry</Filter>
    </ClInclude>
    <ClInclude Include="platform\geometry\FloatQuad.h">
      <Filter>platform\geometry</Filter>
    </ClInclude>
    <ClInclude Include="platform\geometry\LayoutRect.h">
      <Filter>platform\geometry</Filter>
    </ClInclude>
    <ClInclude Include="platform\graphics\skia\SkiaUtils.h">
      <Filter>platform\graphics\skia</Filter>
    </ClInclude>
    <ClInclude Include="platform\graphics\StrokeData.h">
      <Filter>platform\graphics</Filter>
    </ClInclude>
    <ClInclude Include="platform\text\TextRun.h">
      <Filter>platform\text</Filter>
    </ClInclude>
    <ClInclude Include="platform\fonts\FontDescription.h">
      <Filter>platform\font</Filter>
    </ClInclude>
    <ClInclude Include="blink\RuntimeEnabledFeatures.h">
      <Filter>blink</Filter>
    </ClInclude>
    <ClInclude Include="platform\geometry\IntRect.h">
      <Filter>platform\geometry</Filter>
    </ClInclude>
    <ClInclude Include="platform\geometry\RoundedRect.h">
      <Filter>platform\geometry</Filter>
    </ClInclude>
    <ClInclude Include="platform\graphics\GraphicsContext.h">
      <Filter>platform\graphics</Filter>
    </ClInclude>
    <ClInclude Include="platform\graphics\GraphicsContextState.h">
      <Filter>platform\graphics</Filter>
    </ClInclude>
    <ClInclude Include="platform\graphics\Gradient.h">
      <Filter>platform\graphics</Filter>
    </ClInclude>
    <ClInclude Include="platform\graphics\Pattern.h">
      <Filter>platform\graphics</Filter>
    </ClInclude>
    <ClInclude Include="platform\graphics\DrawLooper.h">
      <Filter>platform\graphics</Filter>
    </ClInclude>
    <ClInclude Include="platform\text\BidiCharacterRun.h">
      <Filter>platform\text</Filter>
    </ClInclude>
    <ClInclude Include="platform\text\BidiContext.h">
      <Filter>platform\text</Filter>
    </ClInclude>
    <ClInclude Include="platform\graphics\ImageBuffer.h">
      <Filter>platform\graphics</Filter>
    </ClInclude>
    <ClInclude Include="platform\image-encoders\skia\PNGImageEncoder.h">
      <Filter>platform\image-encoders\skia</Filter>
    </ClInclude>
    <ClInclude Include="..\third_party\libpng\png.h">
      <Filter>png</Filter>
    </ClInclude>
    <ClInclude Include="..\third_party\libpng\pngconf.h">
      <Filter>png</Filter>
    </ClInclude>
    <ClInclude Include="..\third_party\libpng\pngusr.h">
      <Filter>png</Filter>
    </ClInclude>
    <ClInclude Include="platform\image-encoders\skia\JPEGImageEncoder.h">
      <Filter>platform\image-encoders\skia</Filter>
    </ClInclude>
    <ClInclude Include="platform\graphics\UnacceleratedImageBufferSurface.h">
      <Filter>platform\graphics</Filter>
    </ClInclude>
    <ClInclude Include="platform\graphics\imagebuffersurface.h">
      <Filter>platform\graphics</Filter>
    </ClInclude>
    <ClInclude Include="platform\graphics\ColorSpace.h">
      <Filter>platform\graphics</Filter>
    </ClInclude>
    <ClInclude Include="platform\graphics\DisplayList.h">
      <Filter>platform\graphics</Filter>
    </ClInclude>
    <ClInclude Include="platform\graphics\BitmapImage.h">
      <Filter>platform\graphics</Filter>
    </ClInclude>
    <ClInclude Include="..\..\..\Chrome35\src\third_party\WebKit\Source\platform\TraceLocation.h">
      <Filter>platform</Filter>
    </ClInclude>
    <ClInclude Include="platform\graphics\skia\OpaqueRegionSkia.h">
      <Filter>platform\graphics\skia</Filter>
    </ClInclude>
    <ClInclude Include="platform\graphics\image.h">
      <Filter>platform\graphics</Filter>
    </ClInclude>
    <ClInclude Include="platform\Length.h">
      <Filter>platform</Filter>
    </ClInclude>
    <ClInclude Include="platform\CalculationValue.h">
      <Filter>platform</Filter>
    </ClInclude>
    <ClInclude Include="platform\LengthFunctions.h">
      <Filter>platform</Filter>
    </ClInclude>
    <ClInclude Include="platform\LengthSize.h">
      <Filter>platform</Filter>
    </ClInclude>
    <ClInclude Include="platform\graphics\skia\NativeImageSkia.h">
      <Filter>platform\graphics\skia</Filter>
    </ClInclude>
    <ClInclude Include="platform\graphics\DeferredImageDecoder.h">
      <Filter>platform\graphics</Filter>
    </ClInclude>
    <ClInclude Include="platform\graphics\GraphicsContextAnnotation.h">
      <Filter>platform\graphics</Filter>
    </ClInclude>
    <ClInclude Include="platform\fonts\Font.h">
      <Filter>platform\font</Filter>
    </ClInclude>
    <ClInclude Include="platform\graphics\color.h">
      <Filter>platform\graphics</Filter>
    </ClInclude>
    <ClInclude Include="platform\graphics\LazyDecodingPixelRef.h">
      <Filter>platform\graphics</Filter>
    </ClInclude>
    <ClInclude Include="platform\graphics\ImageFrameGenerator.h">
      <Filter>platform\graphics</Filter>
    </ClInclude>
    <ClInclude Include="platform\graphics\ImageDecodingStore.h">
      <Filter>platform\graphics</Filter>
    </ClInclude>
    <ClInclude Include="platform\graphics\ThreadSafeDataTransport.h">
      <Filter>platform\graphics</Filter>
    </ClInclude>
    <ClInclude Include="platform\graphics\ScaledImageFragment.h">
      <Filter>platform\graphics</Filter>
    </ClInclude>
    <ClInclude Include="platform\graphics\DiscardablePixelRef.h">
      <Filter>platform\graphics</Filter>
    </ClInclude>
    <ClInclude Include="platform\graphics\DecodingImageGenerator.h">
      <Filter>platform\graphics</Filter>
    </ClInclude>
    <ClInclude Include="platform\image-decoders\ImageDecoder.h">
      <Filter>platform\image-decoders</Filter>
    </ClInclude>
    <ClInclude Include="platform\image-decoders\ImageFrame.h">
      <Filter>platform\image-decoders</Filter>
    </ClInclude>
    <ClInclude Include="platform\image-decoders\bmp\BMPImageDecoder.h">
      <Filter>platform\image-decoders\bmp</Filter>
    </ClInclude>
    <ClInclude Include="platform\image-decoders\bmp\BMPImageReader.h">
      <Filter>platform\image-decoders\bmp</Filter>
    </ClInclude>
    <ClInclude Include="platform\graphics\ImageObserver.h">
      <Filter>platform\graphics</Filter>
    </ClInclude>
    <ClInclude Include="platform\graphics\ImageSource.h">
      <Filter>platform\graphics</Filter>
    </ClInclude>
    <ClInclude Include="platform\graphics\FrameData.h">
      <Filter>platform\graphics</Filter>
    </ClInclude>
    <ClInclude Include="platform\graphics\ImageOrientation.h">
      <Filter>platform\graphics</Filter>
    </ClInclude>
    <ClInclude Include="platform\fonts\Character.h">
      <Filter>platform\font</Filter>
    </ClInclude>
    <ClInclude Include="platform\fonts\WidthIterator.h">
      <Filter>platform\font</Filter>
    </ClInclude>
    <ClInclude Include="platform\text\SurrogatePairAwareTextIterator.h">
      <Filter>platform\text</Filter>
    </ClInclude>
    <ClInclude Include="platform\fonts\harfbuzz\HarfBuzzShaper.h">
      <Filter>platform\font\harfbuzz</Filter>
    </ClInclude>
    <ClInclude Include="platform\fonts\harfbuzz\HarfBuzzFace.h">
      <Filter>platform\font\harfbuzz</Filter>
    </ClInclude>
    <ClInclude Include="platform\text\TextBreakIterator.h">
      <Filter>platform\text</Filter>
    </ClInclude>
    <ClInclude Include="platform\text\TextBreakIteratorInternalICU.h">
      <Filter>platform\text</Filter>
    </ClInclude>
    <ClInclude Include="platform\fonts\SimpleFontData.h">
      <Filter>platform\font</Filter>
    </ClInclude>
    <ClInclude Include="platform\fonts\FontPlatformData.h">
      <Filter>platform\font</Filter>
    </ClInclude>
    <ClInclude Include="platform\fonts\GlyphPageTreeNode.h">
      <Filter>platform\font</Filter>
    </ClInclude>
    <ClInclude Include="platform\fonts\win\FontPlatformDataWin.h">
      <Filter>platform\font</Filter>
    </ClInclude>
    <ClInclude Include="platform\fonts\FontCache.h">
      <Filter>platform\font</Filter>
    </ClInclude>
    <ClInclude Include="platform\fonts\SegmentedFontData.h">
      <Filter>platform\font</Filter>
    </ClInclude>
    <ClInclude Include="platform\fonts\FontDataCache.h">
      <Filter>platform\font</Filter>
    </ClInclude>
    <ClInclude Include="platform\fonts\FontFallbackList.h">
      <Filter>platform\font</Filter>
    </ClInclude>
    <ClInclude Include="platform\fonts\FontData.h">
      <Filter>platform\font</Filter>
    </ClInclude>
    <ClInclude Include="platform\fonts\FontFeatureSettings.h">
      <Filter>platform\font</Filter>
    </ClInclude>
    <ClInclude Include="platform\fonts\opentype\OpenTypeVerticalData.h">
      <Filter>platform\font\opentype</Filter>
    </ClInclude>
    <ClInclude Include="platform\fonts\FontFamily.h">
      <Filter>platform\font</Filter>
    </ClInclude>
    <ClInclude Include="Canvas\CanvasStyle.h">
      <Filter>Canvas</Filter>
    </ClInclude>
    <ClInclude Include="Canvas\CanvasGradient.h">
      <Filter>Canvas</Filter>
    </ClInclude>
    <ClInclude Include="Canvas\CanvasPattern.h">
      <Filter>Canvas</Filter>
    </ClInclude>
    <ClInclude Include="Canvas\CanvasRenderingContext2D.h">
      <Filter>Canvas</Filter>
    </ClInclude>
    <ClInclude Include="Canvas\Canvas2DContextAttributes.h">
      <Filter>Canvas</Filter>
    </ClInclude>
    <ClInclude Include="Canvas\Path2D.h">
      <Filter>Canvas</Filter>
    </ClInclude>
    <ClInclude Include="Canvas\CanvasImageSource.h">
      <Filter>Canvas</Filter>
    </ClInclude>
    <ClInclude Include="Canvas\ImageData.h">
      <Filter>Canvas</Filter>
    </ClInclude>
    <ClInclude Include="Canvas\TextMetrics.h">
      <Filter>Canvas</Filter>
    </ClInclude>
    <ClInclude Include="platform\graphics\graphicstypes.h">
      <Filter>platform\graphics</Filter>
    </ClInclude>
    <ClInclude Include="css\BisonCSSParser.h">
      <Filter>css</Filter>
    </ClInclude>
    <ClInclude Include="css\CSSPropertyNames.h">
      <Filter>css</Filter>
    </ClInclude>
    <ClInclude Include="css\HashTools.h">
      <Filter>css</Filter>
    </ClInclude>
    <ClInclude Include="css\CSSParserMode.h">
      <Filter>css</Filter>
    </ClInclude>
    <ClInclude Include="css\StylePropertySet.h">
      <Filter>css</Filter>
    </ClInclude>
    <ClInclude Include="css\CSSPrimitiveValue.h">
      <Filter>css</Filter>
    </ClInclude>
    <ClInclude Include="css\CSSValueKeywords.h">
      <Filter>css</Filter>
    </ClInclude>
    <ClInclude Include="css\CSSValue.h">
      <Filter>css</Filter>
    </ClInclude>
    <ClInclude Include="css\CSSArrayFunctionValue.h">
      <Filter>css</Filter>
    </ClInclude>
    <ClInclude Include="css\CSSValueList.h">
      <Filter>css</Filter>
    </ClInclude>
    <ClInclude Include="css\CSSParserValues.h">
      <Filter>css</Filter>
    </ClInclude>
    <ClInclude Include="css\CSSBasicShapes.h">
      <Filter>css</Filter>
    </ClInclude>
    <ClInclude Include="css\CSSValuePool.h">
      <Filter>css</Filter>
    </ClInclude>
    <ClInclude Include="css\CSSInheritedValue.h">
      <Filter>css</Filter>
    </ClInclude>
    <ClInclude Include="css\CSSInitialValue.h">
      <Filter>css</Filter>
    </ClInclude>
    <ClInclude Include="css\CSSCalculationValue.h">
      <Filter>css</Filter>
    </ClInclude>
    <ClInclude Include="css\CSSPrimitiveValueMappings.h">
      <Filter>css</Filter>
    </ClInclude>
    <ClInclude Include="css\CSSSelector.h">
      <Filter>css</Filter>
    </ClInclude>
    <ClInclude Include="dom\QualifiedName.h">
      <Filter>dom</Filter>
    </ClInclude>
    <ClInclude Include="blink\HTMLNames.h">
      <Filter>blink</Filter>
    </ClInclude>
    <ClInclude Include="blink\XLinkNames.h">
      <Filter>blink</Filter>
    </ClInclude>
    <ClInclude Include="blink\XMLNames.h">
      <Filter>blink</Filter>
    </ClInclude>
    <ClInclude Include="blink\XMLNSNames.h">
      <Filter>blink</Filter>
    </ClInclude>
    <ClInclude Include="style\RenderStyleConstants.h">
      <Filter>style</Filter>
    </ClInclude>
    <ClInclude Include="css\CSSOMUtils.h">
      <Filter>css</Filter>
    </ClInclude>
    <ClInclude Include="css\CSSSelectorList.h">
      <Filter>css</Filter>
    </ClInclude>
    <ClInclude Include="css\CSSReflectionDirection.h">
      <Filter>css</Filter>
    </ClInclude>
    <ClInclude Include="css\CSSToLengthConversionData.h">
      <Filter>css</Filter>
    </ClInclude>
    <ClInclude Include="css\CSSAnimationData.h">
      <Filter>css</Filter>
    </ClInclude>
    <ClInclude Include="css\CSSAnimationDataList.h">
      <Filter>css</Filter>
    </ClInclude>
    <ClInclude Include="css\CSSLineBoxContainValue.h">
      <Filter>css</Filter>
    </ClInclude>
    <ClInclude Include="style\BorderValue.h">
      <Filter>style</Filter>
    </ClInclude>
    <ClInclude Include="css\StyleColor.h">
      <Filter>css</Filter>
    </ClInclude>
    <ClInclude Include="style\CounterDirectives.h">
      <Filter>style</Filter>
    </ClInclude>
    <ClInclude Include="style\DataRef.h">
      <Filter>style</Filter>
    </ClInclude>
    <ClInclude Include="style\LineClampValue.h">
      <Filter>style</Filter>
    </ClInclude>
    <ClInclude Include="style\NinePieceImage.h">
      <Filter>style</Filter>
    </ClInclude>
    <ClInclude Include="style\BorderImageLengthBox.h">
      <Filter>style</Filter>
    </ClInclude>
    <ClInclude Include="style\BorderImageLength.h">
      <Filter>style</Filter>
    </ClInclude>
    <ClInclude Include="style\StyleImage.h">
      <Filter>style</Filter>
    </ClInclude>
    <ClInclude Include="platform\LengthBox.h">
      <Filter>platform</Filter>
    </ClInclude>
    <ClInclude Include="style\OutlineValue.h">
      <Filter>style</Filter>
    </ClInclude>
    <ClInclude Include="style\ShapeValue.h">
      <Filter>style</Filter>
    </ClInclude>
    <ClInclude Include="style\BasicShapes.h">
      <Filter>style</Filter>
    </ClInclude>
    <ClInclude Include="css\Pair.h">
      <Filter>css</Filter>
    </ClInclude>
    <ClInclude Include="css\BasicShapeFunctions.h">
      <Filter>css</Filter>
    </ClInclude>
    <ClInclude Include="css\resolver\ElementStyleResources.h">
      <Filter>css\resolver</Filter>
    </ClInclude>
    <ClInclude Include="css\CSSGradientValue.h">
      <Filter>css</Filter>
    </ClInclude>
    <ClInclude Include="css\CSSImageGeneratorValue.h">
      <Filter>css</Filter>
    </ClInclude>
    <ClInclude Include="dom\TextLinkColors.h">
      <Filter>dom</Filter>
    </ClInclude>
    <ClInclude Include="style\StyleGeneratedImage.h">
      <Filter>style</Filter>
    </ClInclude>
    <ClInclude Include="style\StylePendingImage.h">
      <Filter>style</Filter>
    </ClInclude>
    <ClInclude Include="css\CSSCursorImageValue.h">
      <Filter>css</Filter>
    </ClInclude>
    <ClInclude Include="css\CSSImageValue.h">
      <Filter>css</Filter>
    </ClInclude>
    <ClInclude Include="css\CSSMarkup.h">
      <Filter>css</Filter>
    </ClInclude>
    <ClInclude Include="css\CSSImageSetValue.h">
      <Filter>css</Filter>
    </ClInclude>
    <ClInclude Include="css\CSSBorderImageSliceValue.h">
      <Filter>css</Filter>
    </ClInclude>
    <ClInclude Include="css\Rect.h">
      <Filter>css</Filter>
    </ClInclude>
    <ClInclude Include="css\CSSFilterValue.h">
      <Filter>css</Filter>
    </ClInclude>
    <ClInclude Include="css\CSSProperty.h">
      <Filter>css</Filter>
    </ClInclude>
    <ClInclude Include="blink\StylePropertyShorthand.h">
      <Filter>blink</Filter>
    </ClInclude>
    <ClInclude Include="css\CSSPropertySourceData.h">
      <Filter>css</Filter>
    </ClInclude>
    <ClInclude Include="css\CSSKeyframeRule.h">
      <Filter>css</Filter>
    </ClInclude>
    <ClInclude Include="css\CSSRule.h">
      <Filter>css</Filter>
    </ClInclude>
    <ClInclude Include="css\CSSKeyframesRule.h">
      <Filter>css</Filter>
    </ClInclude>
    <ClInclude Include="css\CSSAspectRatioValue.h">
      <Filter>css</Filter>
    </ClInclude>
    <ClInclude Include="css\Counter.h">
      <Filter>css</Filter>
    </ClInclude>
    <ClInclude Include="css\CSSPropertyParser.h">
      <Filter>css</Filter>
    </ClInclude>
    <ClInclude Include="css\CSSBorderImage.h">
      <Filter>css</Filter>
    </ClInclude>
    <ClInclude Include="css\CSSParserIdioms.h">
      <Filter>css</Filter>
    </ClInclude>
    <ClInclude Include="css\CSSUnicodeRangeValue.h">
      <Filter>css</Filter>
    </ClInclude>
    <ClInclude Include="css\CSSGridLineNamesValue.h">
      <Filter>css</Filter>
    </ClInclude>
    <ClInclude Include="css\CSSFunctionValue.h">
      <Filter>css</Filter>
    </ClInclude>
    <ClInclude Include="css\CSSShadowValue.h">
      <Filter>css</Filter>
    </ClInclude>
    <ClInclude Include="css\CSSReflectValue.h">
      <Filter>css</Filter>
    </ClInclude>
    <ClInclude Include="css\CSSTransformValue.h">
      <Filter>css</Filter>
    </ClInclude>
    <ClInclude Include="dom\HTMLParserIdioms.h">
      <Filter>dom</Filter>
    </ClInclude>
    <ClInclude Include="css\RGBColor.h">
      <Filter>css</Filter>
    </ClInclude>
    <ClInclude Include="css\StylePropertySerializer.h">
      <Filter>css</Filter>
    </ClInclude>
    <ClInclude Include="css\RuntimeCSSEnabled.h">
      <Filter>css</Filter>
    </ClInclude>
    <ClInclude Include="css\CSSRuleList.h">
      <Filter>css</Filter>
    </ClInclude>
    <ClInclude Include="blink\CSSGrammar.h">
      <Filter>blink</Filter>
    </ClInclude>
    <ClInclude Include="css\CSSTokenizer.h">
      <Filter>css</Filter>
    </ClInclude>
    <ClInclude Include="platform\image-decoders\png\PNGImageDecoder.h">
      <Filter>platform\image-decoders\png</Filter>
    </ClInclude>
  </ItemGroup>
</Project>