
Microsoft Visual Studio Solution File, Format Version 12.00
# Visual Studio 2013
VisualStudioVersion = 12.0.31101.0
MinimumVisualStudioVersion = 10.0.40219.1
Project("{8BC9CEB8-8B4A-11D0-8D11-00A0C91BC942}") = "CanvasContext", "CanvasContext\CanvasContext.vcxproj", "{2A6C3C8B-EBE6-430A-BA22-5666208647DC}"
EndProject
Project("{2150E333-8FDC-42A3-9474-1A3956D46DE8}") = "wtf", "wtf", "{CB964270-C5F4-49CD-A26D-CA0B706312E7}"
EndProject
Project("{8BC9CEB8-8B4A-11D0-8D11-00A0C91BC942}") = "skia", "skia\skia.vcxproj", "{E77B9FAF-F871-B19C-6B84-2BC13EA5D6AA}"
EndProject
Project("{8BC9CEB8-8B4A-11D0-8D11-00A0C91BC942}") = "base", "base\base.vcxproj", "{CE87FE56-BF45-2EF7-4D1A-616F1A765F8F}"
EndProject
Project("{8BC9CEB8-8B4A-11D0-8D11-00A0C91BC942}") = "base_static", "base\base_static.vcxproj", "{27AB62CE-8EAD-874A-066E-241EC8CC810D}"
EndProject
Project("{8BC9CEB8-8B4A-11D0-8D11-00A0C91BC942}") = "allocator_extension_thunks", "base\allocator\allocator_extension_thunks.vcxproj", "{33031CEF-4A9B-69FB-593F-547CCB7B0C01}"
EndProject
Project("{8BC9CEB8-8B4A-11D0-8D11-00A0C91BC942}") = "modp_b64", "third_party\modp_b64\modp_b64.vcxproj", "{B399FE8B-080D-2654-70D9-3D3D3A4F7A72}"
EndProject
Project("{8BC9CEB8-8B4A-11D0-8D11-00A0C91BC942}") = "dynamic_annotations", "base\third_party\dynamic_annotations\dynamic_annotations.vcxproj", "{A230F5EC-5416-2659-8CBE-30C395131532}"
EndProject
Project("{8BC9CEB8-8B4A-11D0-8D11-00A0C91BC942}") = "zlib", "third_party\zlib\zlib.vcxproj", "{33B2758B-EFD1-BEB1-80BB-B999B3F1B0D8}"
EndProject
Project("{8BC9CEB8-8B4A-11D0-8D11-00A0C91BC942}") = "sfntly", "third_party\sfntly\sfntly.vcxproj", "{8F5F0EE3-D062-C84B-356A-02915309D9D5}"
EndProject
Project("{8BC9CEB8-8B4A-11D0-8D11-00A0C91BC942}") = "skia_opts", "skia\skia_opts.vcxproj", "{3935C98D-12F3-F071-03B8-23B263448B9D}"
EndProject
Project("{8BC9CEB8-8B4A-11D0-8D11-00A0C91BC942}") = "skia_chrome_opts", "skia\skia_chrome_opts.vcxproj", "{4AACDB61-63A0-2BE0-6F53-07C759222C04}"
EndProject
Project("{8BC9CEB8-8B4A-11D0-8D11-00A0C91BC942}") = "skia_opts_ssse3", "skia\skia_opts_ssse3.vcxproj", "{D7B76051-DA6D-CF18-5AF3-1E9692B37996}"
EndProject
Project("{2150E333-8FDC-42A3-9474-1A3956D46DE8}") = "v8", "v8", "{8A3A3294-4C79-4CD6-8B5A-FF7A66E2F35F}"
EndProject
Project("{2150E333-8FDC-42A3-9474-1A3956D46DE8}") = "icu", "icu", "{6D04C47D-A1AA-403E-926A-13833039D9C1}"
EndProject
Project("{8BC9CEB8-8B4A-11D0-8D11-00A0C91BC942}") = "icui18n", "third_party\icu\icui18n.vcxproj", "{5CEBDD75-6CCB-4687-9E21-9E26ECF67F97}"
EndProject
Project("{8BC9CEB8-8B4A-11D0-8D11-00A0C91BC942}") = "icuuc", "third_party\icu\icuuc.vcxproj", "{539CED2C-DCAC-E5E9-3B83-311F2D981AAB}"
EndProject
Project("{8BC9CEB8-8B4A-11D0-8D11-00A0C91BC942}") = "icudata", "third_party\icu\icudata.vcxproj", "{7001AC11-4DC0-61C3-054B-EE6322D1D3DB}"
EndProject
Project("{8BC9CEB8-8B4A-11D0-8D11-00A0C91BC942}") = "wtf", "wtf\wtf.vcxproj", "{B1D307E3-F9B0-1691-FF18-9E07C0556C54}"
EndProject
Project("{8BC9CEB8-8B4A-11D0-8D11-00A0C91BC942}") = "glew_static", "glew\build\vc6\glew_static.vcxproj", "{CD4DA2E3-FFAB-4BFC-8D05-D7A6CF91A379}"
EndProject
Project("{2150E333-8FDC-42A3-9474-1A3956D46DE8}") = "libwebp", "libwebp", "{F756B466-0D71-460B-BFD9-451582863A6C}"
EndProject
Project("{8BC9CEB8-8B4A-11D0-8D11-00A0C91BC942}") = "libwebp_enc", "third_party\libwebp\libwebp_enc.vcxproj", "{DB59DBD2-AFCB-D5B1-7818-931385285E75}"
EndProject
Project("{8BC9CEB8-8B4A-11D0-8D11-00A0C91BC942}") = "libwebp_dsp", "third_party\libwebp\libwebp_dsp.vcxproj", "{04F71DFB-3E4A-7754-48B0-AC6CA6A1047B}"
EndProject
Project("{8BC9CEB8-8B4A-11D0-8D11-00A0C91BC942}") = "libwebp_utils", "third_party\libwebp\libwebp_utils.vcxproj", "{0B6686D7-EDDA-0A19-0BC5-FD4286B13466}"
EndProject
Project("{8BC9CEB8-8B4A-11D0-8D11-00A0C91BC942}") = "libwebp_demux", "third_party\libwebp\libwebp_demux.vcxproj", "{4353DEAD-27CF-5E4D-64DD-587D4510C4F2}"
EndProject
Project("{8BC9CEB8-8B4A-11D0-8D11-00A0C91BC942}") = "libwebp_dec", "third_party\libwebp\libwebp_dec.vcxproj", "{5A5CC5C3-ACBD-4382-649D-2F56630EE516}"
EndProject
Project("{8BC9CEB8-8B4A-11D0-8D11-00A0C91BC942}") = "harfbuzz-ng", "third_party\harfbuzz-ng\harfbuzz-ng.vcxproj", "{CFCCCBB1-D3F2-13C6-004E-F29AB32345A3}"
EndProject
Global
	GlobalSection(SolutionConfigurationPlatforms) = preSolution
		Debug MX|Win32 = Debug MX|Win32
		Debug MX|x64 = Debug MX|x64
		Debug|Win32 = Debug|Win32
		Debug|x64 = Debug|x64
		Release MX|Win32 = Release MX|Win32
		Release MX|x64 = Release MX|x64
		Release|Win32 = Release|Win32
		Release|x64 = Release|x64
	EndGlobalSection
	GlobalSection(ProjectConfigurationPlatforms) = postSolution
		{2A6C3C8B-EBE6-430A-BA22-5666208647DC}.Debug MX|Win32.ActiveCfg = Debug|Win32
		{2A6C3C8B-EBE6-430A-BA22-5666208647DC}.Debug MX|Win32.Build.0 = Debug|Win32
		{2A6C3C8B-EBE6-430A-BA22-5666208647DC}.Debug MX|x64.ActiveCfg = Debug|Win32
		{2A6C3C8B-EBE6-430A-BA22-5666208647DC}.Debug|Win32.ActiveCfg = Debug|Win32
		{2A6C3C8B-EBE6-430A-BA22-5666208647DC}.Debug|Win32.Build.0 = Debug|Win32
		{2A6C3C8B-EBE6-430A-BA22-5666208647DC}.Debug|x64.ActiveCfg = Debug|Win32
		{2A6C3C8B-EBE6-430A-BA22-5666208647DC}.Release MX|Win32.ActiveCfg = Release|Win32
		{2A6C3C8B-EBE6-430A-BA22-5666208647DC}.Release MX|Win32.Build.0 = Release|Win32
		{2A6C3C8B-EBE6-430A-BA22-5666208647DC}.Release MX|x64.ActiveCfg = Release|Win32
		{2A6C3C8B-EBE6-430A-BA22-5666208647DC}.Release|Win32.ActiveCfg = Release|Win32
		{2A6C3C8B-EBE6-430A-BA22-5666208647DC}.Release|Win32.Build.0 = Release|Win32
		{2A6C3C8B-EBE6-430A-BA22-5666208647DC}.Release|x64.ActiveCfg = Release|Win32
		{E77B9FAF-F871-B19C-6B84-2BC13EA5D6AA}.Debug MX|Win32.ActiveCfg = Debug|Win32
		{E77B9FAF-F871-B19C-6B84-2BC13EA5D6AA}.Debug MX|Win32.Build.0 = Debug|Win32
		{E77B9FAF-F871-B19C-6B84-2BC13EA5D6AA}.Debug MX|x64.ActiveCfg = Debug|x64
		{E77B9FAF-F871-B19C-6B84-2BC13EA5D6AA}.Debug MX|x64.Build.0 = Debug|x64
		{E77B9FAF-F871-B19C-6B84-2BC13EA5D6AA}.Debug|Win32.ActiveCfg = Debug|Win32
		{E77B9FAF-F871-B19C-6B84-2BC13EA5D6AA}.Debug|Win32.Build.0 = Debug|Win32
		{E77B9FAF-F871-B19C-6B84-2BC13EA5D6AA}.Debug|x64.ActiveCfg = Debug|x64
		{E77B9FAF-F871-B19C-6B84-2BC13EA5D6AA}.Debug|x64.Build.0 = Debug|x64
		{E77B9FAF-F871-B19C-6B84-2BC13EA5D6AA}.Release MX|Win32.ActiveCfg = Release|Win32
		{E77B9FAF-F871-B19C-6B84-2BC13EA5D6AA}.Release MX|Win32.Build.0 = Release|Win32
		{E77B9FAF-F871-B19C-6B84-2BC13EA5D6AA}.Release MX|x64.ActiveCfg = Release|x64
		{E77B9FAF-F871-B19C-6B84-2BC13EA5D6AA}.Release MX|x64.Build.0 = Release|x64
		{E77B9FAF-F871-B19C-6B84-2BC13EA5D6AA}.Release|Win32.ActiveCfg = Release|Win32
		{E77B9FAF-F871-B19C-6B84-2BC13EA5D6AA}.Release|Win32.Build.0 = Release|Win32
		{E77B9FAF-F871-B19C-6B84-2BC13EA5D6AA}.Release|x64.ActiveCfg = Release|x64
		{E77B9FAF-F871-B19C-6B84-2BC13EA5D6AA}.Release|x64.Build.0 = Release|x64
		{CE87FE56-BF45-2EF7-4D1A-616F1A765F8F}.Debug MX|Win32.ActiveCfg = Debug|Win32
		{CE87FE56-BF45-2EF7-4D1A-616F1A765F8F}.Debug MX|Win32.Build.0 = Debug|Win32
		{CE87FE56-BF45-2EF7-4D1A-616F1A765F8F}.Debug MX|x64.ActiveCfg = Debug|x64
		{CE87FE56-BF45-2EF7-4D1A-616F1A765F8F}.Debug MX|x64.Build.0 = Debug|x64
		{CE87FE56-BF45-2EF7-4D1A-616F1A765F8F}.Debug|Win32.ActiveCfg = Debug|Win32
		{CE87FE56-BF45-2EF7-4D1A-616F1A765F8F}.Debug|Win32.Build.0 = Debug|Win32
		{CE87FE56-BF45-2EF7-4D1A-616F1A765F8F}.Debug|x64.ActiveCfg = Debug|x64
		{CE87FE56-BF45-2EF7-4D1A-616F1A765F8F}.Debug|x64.Build.0 = Debug|x64
		{CE87FE56-BF45-2EF7-4D1A-616F1A765F8F}.Release MX|Win32.ActiveCfg = Release|Win32
		{CE87FE56-BF45-2EF7-4D1A-616F1A765F8F}.Release MX|Win32.Build.0 = Release|Win32
		{CE87FE56-BF45-2EF7-4D1A-616F1A765F8F}.Release MX|x64.ActiveCfg = Release|x64
		{CE87FE56-BF45-2EF7-4D1A-616F1A765F8F}.Release MX|x64.Build.0 = Release|x64
		{CE87FE56-BF45-2EF7-4D1A-616F1A765F8F}.Release|Win32.ActiveCfg = Release|Win32
		{CE87FE56-BF45-2EF7-4D1A-616F1A765F8F}.Release|Win32.Build.0 = Release|Win32
		{CE87FE56-BF45-2EF7-4D1A-616F1A765F8F}.Release|x64.ActiveCfg = Release|x64
		{CE87FE56-BF45-2EF7-4D1A-616F1A765F8F}.Release|x64.Build.0 = Release|x64
		{27AB62CE-8EAD-874A-066E-241EC8CC810D}.Debug MX|Win32.ActiveCfg = Debug|Win32
		{27AB62CE-8EAD-874A-066E-241EC8CC810D}.Debug MX|Win32.Build.0 = Debug|Win32
		{27AB62CE-8EAD-874A-066E-241EC8CC810D}.Debug MX|x64.ActiveCfg = Debug|x64
		{27AB62CE-8EAD-874A-066E-241EC8CC810D}.Debug MX|x64.Build.0 = Debug|x64
		{27AB62CE-8EAD-874A-066E-241EC8CC810D}.Debug|Win32.ActiveCfg = Debug|Win32
		{27AB62CE-8EAD-874A-066E-241EC8CC810D}.Debug|Win32.Build.0 = Debug|Win32
		{27AB62CE-8EAD-874A-066E-241EC8CC810D}.Debug|x64.ActiveCfg = Debug|x64
		{27AB62CE-8EAD-874A-066E-241EC8CC810D}.Debug|x64.Build.0 = Debug|x64
		{27AB62CE-8EAD-874A-066E-241EC8CC810D}.Release MX|Win32.ActiveCfg = Release|Win32
		{27AB62CE-8EAD-874A-066E-241EC8CC810D}.Release MX|Win32.Build.0 = Release|Win32
		{27AB62CE-8EAD-874A-066E-241EC8CC810D}.Release MX|x64.ActiveCfg = Release|x64
		{27AB62CE-8EAD-874A-066E-241EC8CC810D}.Release MX|x64.Build.0 = Release|x64
		{27AB62CE-8EAD-874A-066E-241EC8CC810D}.Release|Win32.ActiveCfg = Release|Win32
		{27AB62CE-8EAD-874A-066E-241EC8CC810D}.Release|Win32.Build.0 = Release|Win32
		{27AB62CE-8EAD-874A-066E-241EC8CC810D}.Release|x64.ActiveCfg = Release|x64
		{27AB62CE-8EAD-874A-066E-241EC8CC810D}.Release|x64.Build.0 = Release|x64
		{33031CEF-4A9B-69FB-593F-547CCB7B0C01}.Debug MX|Win32.ActiveCfg = Debug|Win32
		{33031CEF-4A9B-69FB-593F-547CCB7B0C01}.Debug MX|Win32.Build.0 = Debug|Win32
		{33031CEF-4A9B-69FB-593F-547CCB7B0C01}.Debug MX|x64.ActiveCfg = Debug|x64
		{33031CEF-4A9B-69FB-593F-547CCB7B0C01}.Debug MX|x64.Build.0 = Debug|x64
		{33031CEF-4A9B-69FB-593F-547CCB7B0C01}.Debug|Win32.ActiveCfg = Debug|Win32
		{33031CEF-4A9B-69FB-593F-547CCB7B0C01}.Debug|Win32.Build.0 = Debug|Win32
		{33031CEF-4A9B-69FB-593F-547CCB7B0C01}.Debug|x64.ActiveCfg = Debug|x64
		{33031CEF-4A9B-69FB-593F-547CCB7B0C01}.Debug|x64.Build.0 = Debug|x64
		{33031CEF-4A9B-69FB-593F-547CCB7B0C01}.Release MX|Win32.ActiveCfg = Release|Win32
		{33031CEF-4A9B-69FB-593F-547CCB7B0C01}.Release MX|Win32.Build.0 = Release|Win32
		{33031CEF-4A9B-69FB-593F-547CCB7B0C01}.Release MX|x64.ActiveCfg = Release|x64
		{33031CEF-4A9B-69FB-593F-547CCB7B0C01}.Release MX|x64.Build.0 = Release|x64
		{33031CEF-4A9B-69FB-593F-547CCB7B0C01}.Release|Win32.ActiveCfg = Release|Win32
		{33031CEF-4A9B-69FB-593F-547CCB7B0C01}.Release|Win32.Build.0 = Release|Win32
		{33031CEF-4A9B-69FB-593F-547CCB7B0C01}.Release|x64.ActiveCfg = Release|x64
		{33031CEF-4A9B-69FB-593F-547CCB7B0C01}.Release|x64.Build.0 = Release|x64
		{B399FE8B-080D-2654-70D9-3D3D3A4F7A72}.Debug MX|Win32.ActiveCfg = Debug|Win32
		{B399FE8B-080D-2654-70D9-3D3D3A4F7A72}.Debug MX|Win32.Build.0 = Debug|Win32
		{B399FE8B-080D-2654-70D9-3D3D3A4F7A72}.Debug MX|x64.ActiveCfg = Debug|x64
		{B399FE8B-080D-2654-70D9-3D3D3A4F7A72}.Debug MX|x64.Build.0 = Debug|x64
		{B399FE8B-080D-2654-70D9-3D3D3A4F7A72}.Debug|Win32.ActiveCfg = Debug|Win32
		{B399FE8B-080D-2654-70D9-3D3D3A4F7A72}.Debug|Win32.Build.0 = Debug|Win32
		{B399FE8B-080D-2654-70D9-3D3D3A4F7A72}.Debug|x64.ActiveCfg = Debug|x64
		{B399FE8B-080D-2654-70D9-3D3D3A4F7A72}.Debug|x64.Build.0 = Debug|x64
		{B399FE8B-080D-2654-70D9-3D3D3A4F7A72}.Release MX|Win32.ActiveCfg = Release|Win32
		{B399FE8B-080D-2654-70D9-3D3D3A4F7A72}.Release MX|Win32.Build.0 = Release|Win32
		{B399FE8B-080D-2654-70D9-3D3D3A4F7A72}.Release MX|x64.ActiveCfg = Release|x64
		{B399FE8B-080D-2654-70D9-3D3D3A4F7A72}.Release MX|x64.Build.0 = Release|x64
		{B399FE8B-080D-2654-70D9-3D3D3A4F7A72}.Release|Win32.ActiveCfg = Release|Win32
		{B399FE8B-080D-2654-70D9-3D3D3A4F7A72}.Release|Win32.Build.0 = Release|Win32
		{B399FE8B-080D-2654-70D9-3D3D3A4F7A72}.Release|x64.ActiveCfg = Release|x64
		{B399FE8B-080D-2654-70D9-3D3D3A4F7A72}.Release|x64.Build.0 = Release|x64
		{A230F5EC-5416-2659-8CBE-30C395131532}.Debug MX|Win32.ActiveCfg = Debug|Win32
		{A230F5EC-5416-2659-8CBE-30C395131532}.Debug MX|Win32.Build.0 = Debug|Win32
		{A230F5EC-5416-2659-8CBE-30C395131532}.Debug MX|x64.ActiveCfg = Debug|x64
		{A230F5EC-5416-2659-8CBE-30C395131532}.Debug MX|x64.Build.0 = Debug|x64
		{A230F5EC-5416-2659-8CBE-30C395131532}.Debug|Win32.ActiveCfg = Debug|Win32
		{A230F5EC-5416-2659-8CBE-30C395131532}.Debug|Win32.Build.0 = Debug|Win32
		{A230F5EC-5416-2659-8CBE-30C395131532}.Debug|x64.ActiveCfg = Debug|x64
		{A230F5EC-5416-2659-8CBE-30C395131532}.Debug|x64.Build.0 = Debug|x64
		{A230F5EC-5416-2659-8CBE-30C395131532}.Release MX|Win32.ActiveCfg = Release|Win32
		{A230F5EC-5416-2659-8CBE-30C395131532}.Release MX|Win32.Build.0 = Release|Win32
		{A230F5EC-5416-2659-8CBE-30C395131532}.Release MX|x64.ActiveCfg = Release|x64
		{A230F5EC-5416-2659-8CBE-30C395131532}.Release MX|x64.Build.0 = Release|x64
		{A230F5EC-5416-2659-8CBE-30C395131532}.Release|Win32.ActiveCfg = Release|Win32
		{A230F5EC-5416-2659-8CBE-30C395131532}.Release|Win32.Build.0 = Release|Win32
		{A230F5EC-5416-2659-8CBE-30C395131532}.Release|x64.ActiveCfg = Release|x64
		{A230F5EC-5416-2659-8CBE-30C395131532}.Release|x64.Build.0 = Release|x64
		{33B2758B-EFD1-BEB1-80BB-B999B3F1B0D8}.Debug MX|Win32.ActiveCfg = Debug|Win32
		{33B2758B-EFD1-BEB1-80BB-B999B3F1B0D8}.Debug MX|Win32.Build.0 = Debug|Win32
		{33B2758B-EFD1-BEB1-80BB-B999B3F1B0D8}.Debug MX|x64.ActiveCfg = Debug|x64
		{33B2758B-EFD1-BEB1-80BB-B999B3F1B0D8}.Debug MX|x64.Build.0 = Debug|x64
		{33B2758B-EFD1-BEB1-80BB-B999B3F1B0D8}.Debug|Win32.ActiveCfg = Debug|Win32
		{33B2758B-EFD1-BEB1-80BB-B999B3F1B0D8}.Debug|Win32.Build.0 = Debug|Win32
		{33B2758B-EFD1-BEB1-80BB-B999B3F1B0D8}.Debug|x64.ActiveCfg = Debug|x64
		{33B2758B-EFD1-BEB1-80BB-B999B3F1B0D8}.Debug|x64.Build.0 = Debug|x64
		{33B2758B-EFD1-BEB1-80BB-B999B3F1B0D8}.Release MX|Win32.ActiveCfg = Release|Win32
		{33B2758B-EFD1-BEB1-80BB-B999B3F1B0D8}.Release MX|Win32.Build.0 = Release|Win32
		{33B2758B-EFD1-BEB1-80BB-B999B3F1B0D8}.Release MX|x64.ActiveCfg = Release|x64
		{33B2758B-EFD1-BEB1-80BB-B999B3F1B0D8}.Release MX|x64.Build.0 = Release|x64
		{33B2758B-EFD1-BEB1-80BB-B999B3F1B0D8}.Release|Win32.ActiveCfg = Release|Win32
		{33B2758B-EFD1-BEB1-80BB-B999B3F1B0D8}.Release|Win32.Build.0 = Release|Win32
		{33B2758B-EFD1-BEB1-80BB-B999B3F1B0D8}.Release|x64.ActiveCfg = Release|x64
		{33B2758B-EFD1-BEB1-80BB-B999B3F1B0D8}.Release|x64.Build.0 = Release|x64
		{8F5F0EE3-D062-C84B-356A-02915309D9D5}.Debug MX|Win32.ActiveCfg = Debug|Win32
		{8F5F0EE3-D062-C84B-356A-02915309D9D5}.Debug MX|Win32.Build.0 = Debug|Win32
		{8F5F0EE3-D062-C84B-356A-02915309D9D5}.Debug MX|x64.ActiveCfg = Debug|x64
		{8F5F0EE3-D062-C84B-356A-02915309D9D5}.Debug MX|x64.Build.0 = Debug|x64
		{8F5F0EE3-D062-C84B-356A-02915309D9D5}.Debug|Win32.ActiveCfg = Debug|Win32
		{8F5F0EE3-D062-C84B-356A-02915309D9D5}.Debug|Win32.Build.0 = Debug|Win32
		{8F5F0EE3-D062-C84B-356A-02915309D9D5}.Debug|x64.ActiveCfg = Debug|x64
		{8F5F0EE3-D062-C84B-356A-02915309D9D5}.Debug|x64.Build.0 = Debug|x64
		{8F5F0EE3-D062-C84B-356A-02915309D9D5}.Release MX|Win32.ActiveCfg = Release|Win32
		{8F5F0EE3-D062-C84B-356A-02915309D9D5}.Release MX|Win32.Build.0 = Release|Win32
		{8F5F0EE3-D062-C84B-356A-02915309D9D5}.Release MX|x64.ActiveCfg = Release|x64
		{8F5F0EE3-D062-C84B-356A-02915309D9D5}.Release MX|x64.Build.0 = Release|x64
		{8F5F0EE3-D062-C84B-356A-02915309D9D5}.Release|Win32.ActiveCfg = Release|Win32
		{8F5F0EE3-D062-C84B-356A-02915309D9D5}.Release|Win32.Build.0 = Release|Win32
		{8F5F0EE3-D062-C84B-356A-02915309D9D5}.Release|x64.ActiveCfg = Release|x64
		{8F5F0EE3-D062-C84B-356A-02915309D9D5}.Release|x64.Build.0 = Release|x64
		{3935C98D-12F3-F071-03B8-23B263448B9D}.Debug MX|Win32.ActiveCfg = Debug|Win32
		{3935C98D-12F3-F071-03B8-23B263448B9D}.Debug MX|Win32.Build.0 = Debug|Win32
		{3935C98D-12F3-F071-03B8-23B263448B9D}.Debug MX|x64.ActiveCfg = Debug|x64
		{3935C98D-12F3-F071-03B8-23B263448B9D}.Debug MX|x64.Build.0 = Debug|x64
		{3935C98D-12F3-F071-03B8-23B263448B9D}.Debug|Win32.ActiveCfg = Debug|Win32
		{3935C98D-12F3-F071-03B8-23B263448B9D}.Debug|Win32.Build.0 = Debug|Win32
		{3935C98D-12F3-F071-03B8-23B263448B9D}.Debug|x64.ActiveCfg = Debug|x64
		{3935C98D-12F3-F071-03B8-23B263448B9D}.Debug|x64.Build.0 = Debug|x64
		{3935C98D-12F3-F071-03B8-23B263448B9D}.Release MX|Win32.ActiveCfg = Release|Win32
		{3935C98D-12F3-F071-03B8-23B263448B9D}.Release MX|Win32.Build.0 = Release|Win32
		{3935C98D-12F3-F071-03B8-23B263448B9D}.Release MX|x64.ActiveCfg = Release|x64
		{3935C98D-12F3-F071-03B8-23B263448B9D}.Release MX|x64.Build.0 = Release|x64
		{3935C98D-12F3-F071-03B8-23B263448B9D}.Release|Win32.ActiveCfg = Release|Win32
		{3935C98D-12F3-F071-03B8-23B263448B9D}.Release|Win32.Build.0 = Release|Win32
		{3935C98D-12F3-F071-03B8-23B263448B9D}.Release|x64.ActiveCfg = Release|x64
		{3935C98D-12F3-F071-03B8-23B263448B9D}.Release|x64.Build.0 = Release|x64
		{4AACDB61-63A0-2BE0-6F53-07C759222C04}.Debug MX|Win32.ActiveCfg = Debug|Win32
		{4AACDB61-63A0-2BE0-6F53-07C759222C04}.Debug MX|Win32.Build.0 = Debug|Win32
		{4AACDB61-63A0-2BE0-6F53-07C759222C04}.Debug MX|x64.ActiveCfg = Debug|x64
		{4AACDB61-63A0-2BE0-6F53-07C759222C04}.Debug MX|x64.Build.0 = Debug|x64
		{4AACDB61-63A0-2BE0-6F53-07C759222C04}.Debug|Win32.ActiveCfg = Debug|Win32
		{4AACDB61-63A0-2BE0-6F53-07C759222C04}.Debug|Win32.Build.0 = Debug|Win32
		{4AACDB61-63A0-2BE0-6F53-07C759222C04}.Debug|x64.ActiveCfg = Debug|x64
		{4AACDB61-63A0-2BE0-6F53-07C759222C04}.Debug|x64.Build.0 = Debug|x64
		{4AACDB61-63A0-2BE0-6F53-07C759222C04}.Release MX|Win32.ActiveCfg = Release|Win32
		{4AACDB61-63A0-2BE0-6F53-07C759222C04}.Release MX|Win32.Build.0 = Release|Win32
		{4AACDB61-63A0-2BE0-6F53-07C759222C04}.Release MX|x64.ActiveCfg = Release|x64
		{4AACDB61-63A0-2BE0-6F53-07C759222C04}.Release MX|x64.Build.0 = Release|x64
		{4AACDB61-63A0-2BE0-6F53-07C759222C04}.Release|Win32.ActiveCfg = Release|Win32
		{4AACDB61-63A0-2BE0-6F53-07C759222C04}.Release|Win32.Build.0 = Release|Win32
		{4AACDB61-63A0-2BE0-6F53-07C759222C04}.Release|x64.ActiveCfg = Release|x64
		{4AACDB61-63A0-2BE0-6F53-07C759222C04}.Release|x64.Build.0 = Release|x64
		{D7B76051-DA6D-CF18-5AF3-1E9692B37996}.Debug MX|Win32.ActiveCfg = Debug|Win32
		{D7B76051-DA6D-CF18-5AF3-1E9692B37996}.Debug MX|Win32.Build.0 = Debug|Win32
		{D7B76051-DA6D-CF18-5AF3-1E9692B37996}.Debug MX|x64.ActiveCfg = Debug|x64
		{D7B76051-DA6D-CF18-5AF3-1E9692B37996}.Debug MX|x64.Build.0 = Debug|x64
		{D7B76051-DA6D-CF18-5AF3-1E9692B37996}.Debug|Win32.ActiveCfg = Debug|Win32
		{D7B76051-DA6D-CF18-5AF3-1E9692B37996}.Debug|Win32.Build.0 = Debug|Win32
		{D7B76051-DA6D-CF18-5AF3-1E9692B37996}.Debug|x64.ActiveCfg = Debug|x64
		{D7B76051-DA6D-CF18-5AF3-1E9692B37996}.Debug|x64.Build.0 = Debug|x64
		{D7B76051-DA6D-CF18-5AF3-1E9692B37996}.Release MX|Win32.ActiveCfg = Release|Win32
		{D7B76051-DA6D-CF18-5AF3-1E9692B37996}.Release MX|Win32.Build.0 = Release|Win32
		{D7B76051-DA6D-CF18-5AF3-1E9692B37996}.Release MX|x64.ActiveCfg = Release|x64
		{D7B76051-DA6D-CF18-5AF3-1E9692B37996}.Release MX|x64.Build.0 = Release|x64
		{D7B76051-DA6D-CF18-5AF3-1E9692B37996}.Release|Win32.ActiveCfg = Release|Win32
		{D7B76051-DA6D-CF18-5AF3-1E9692B37996}.Release|Win32.Build.0 = Release|Win32
		{D7B76051-DA6D-CF18-5AF3-1E9692B37996}.Release|x64.ActiveCfg = Release|x64
		{D7B76051-DA6D-CF18-5AF3-1E9692B37996}.Release|x64.Build.0 = Release|x64
		{5CEBDD75-6CCB-4687-9E21-9E26ECF67F97}.Debug MX|Win32.ActiveCfg = Debug|Win32
		{5CEBDD75-6CCB-4687-9E21-9E26ECF67F97}.Debug MX|Win32.Build.0 = Debug|Win32
		{5CEBDD75-6CCB-4687-9E21-9E26ECF67F97}.Debug MX|x64.ActiveCfg = Debug|x64
		{5CEBDD75-6CCB-4687-9E21-9E26ECF67F97}.Debug MX|x64.Build.0 = Debug|x64
		{5CEBDD75-6CCB-4687-9E21-9E26ECF67F97}.Debug|Win32.ActiveCfg = Debug|Win32
		{5CEBDD75-6CCB-4687-9E21-9E26ECF67F97}.Debug|Win32.Build.0 = Debug|Win32
		{5CEBDD75-6CCB-4687-9E21-9E26ECF67F97}.Debug|x64.ActiveCfg = Debug|x64
		{5CEBDD75-6CCB-4687-9E21-9E26ECF67F97}.Debug|x64.Build.0 = Debug|x64
		{5CEBDD75-6CCB-4687-9E21-9E26ECF67F97}.Release MX|Win32.ActiveCfg = Release|Win32
		{5CEBDD75-6CCB-4687-9E21-9E26ECF67F97}.Release MX|Win32.Build.0 = Release|Win32
		{5CEBDD75-6CCB-4687-9E21-9E26ECF67F97}.Release MX|x64.ActiveCfg = Release|x64
		{5CEBDD75-6CCB-4687-9E21-9E26ECF67F97}.Release MX|x64.Build.0 = Release|x64
		{5CEBDD75-6CCB-4687-9E21-9E26ECF67F97}.Release|Win32.ActiveCfg = Release|Win32
		{5CEBDD75-6CCB-4687-9E21-9E26ECF67F97}.Release|Win32.Build.0 = Release|Win32
		{5CEBDD75-6CCB-4687-9E21-9E26ECF67F97}.Release|x64.ActiveCfg = Release|x64
		{5CEBDD75-6CCB-4687-9E21-9E26ECF67F97}.Release|x64.Build.0 = Release|x64
		{539CED2C-DCAC-E5E9-3B83-311F2D981AAB}.Debug MX|Win32.ActiveCfg = Debug|Win32
		{539CED2C-DCAC-E5E9-3B83-311F2D981AAB}.Debug MX|Win32.Build.0 = Debug|Win32
		{539CED2C-DCAC-E5E9-3B83-311F2D981AAB}.Debug MX|x64.ActiveCfg = Debug|x64
		{539CED2C-DCAC-E5E9-3B83-311F2D981AAB}.Debug MX|x64.Build.0 = Debug|x64
		{539CED2C-DCAC-E5E9-3B83-311F2D981AAB}.Debug|Win32.ActiveCfg = Debug|Win32
		{539CED2C-DCAC-E5E9-3B83-311F2D981AAB}.Debug|Win32.Build.0 = Debug|Win32
		{539CED2C-DCAC-E5E9-3B83-311F2D981AAB}.Debug|x64.ActiveCfg = Debug|x64
		{539CED2C-DCAC-E5E9-3B83-311F2D981AAB}.Debug|x64.Build.0 = Debug|x64
		{539CED2C-DCAC-E5E9-3B83-311F2D981AAB}.Release MX|Win32.ActiveCfg = Release|Win32
		{539CED2C-DCAC-E5E9-3B83-311F2D981AAB}.Release MX|Win32.Build.0 = Release|Win32
		{539CED2C-DCAC-E5E9-3B83-311F2D981AAB}.Release MX|x64.ActiveCfg = Release|x64
		{539CED2C-DCAC-E5E9-3B83-311F2D981AAB}.Release MX|x64.Build.0 = Release|x64
		{539CED2C-DCAC-E5E9-3B83-311F2D981AAB}.Release|Win32.ActiveCfg = Release|Win32
		{539CED2C-DCAC-E5E9-3B83-311F2D981AAB}.Release|Win32.Build.0 = Release|Win32
		{539CED2C-DCAC-E5E9-3B83-311F2D981AAB}.Release|x64.ActiveCfg = Release|x64
		{539CED2C-DCAC-E5E9-3B83-311F2D981AAB}.Release|x64.Build.0 = Release|x64
		{7001AC11-4DC0-61C3-054B-EE6322D1D3DB}.Debug MX|Win32.ActiveCfg = Debug|Win32
		{7001AC11-4DC0-61C3-054B-EE6322D1D3DB}.Debug MX|Win32.Build.0 = Debug|Win32
		{7001AC11-4DC0-61C3-054B-EE6322D1D3DB}.Debug MX|x64.ActiveCfg = Debug|x64
		{7001AC11-4DC0-61C3-054B-EE6322D1D3DB}.Debug MX|x64.Build.0 = Debug|x64
		{7001AC11-4DC0-61C3-054B-EE6322D1D3DB}.Debug|Win32.ActiveCfg = Debug|Win32
		{7001AC11-4DC0-61C3-054B-EE6322D1D3DB}.Debug|Win32.Build.0 = Debug|Win32
		{7001AC11-4DC0-61C3-054B-EE6322D1D3DB}.Debug|x64.ActiveCfg = Debug|x64
		{7001AC11-4DC0-61C3-054B-EE6322D1D3DB}.Debug|x64.Build.0 = Debug|x64
		{7001AC11-4DC0-61C3-054B-EE6322D1D3DB}.Release MX|Win32.ActiveCfg = Release|Win32
		{7001AC11-4DC0-61C3-054B-EE6322D1D3DB}.Release MX|Win32.Build.0 = Release|Win32
		{7001AC11-4DC0-61C3-054B-EE6322D1D3DB}.Release MX|x64.ActiveCfg = Release|x64
		{7001AC11-4DC0-61C3-054B-EE6322D1D3DB}.Release MX|x64.Build.0 = Release|x64
		{7001AC11-4DC0-61C3-054B-EE6322D1D3DB}.Release|Win32.ActiveCfg = Release|Win32
		{7001AC11-4DC0-61C3-054B-EE6322D1D3DB}.Release|Win32.Build.0 = Release|Win32
		{7001AC11-4DC0-61C3-054B-EE6322D1D3DB}.Release|x64.ActiveCfg = Release|x64
		{7001AC11-4DC0-61C3-054B-EE6322D1D3DB}.Release|x64.Build.0 = Release|x64
		{B1D307E3-F9B0-1691-FF18-9E07C0556C54}.Debug MX|Win32.ActiveCfg = Debug|Win32
		{B1D307E3-F9B0-1691-FF18-9E07C0556C54}.Debug MX|Win32.Build.0 = Debug|Win32
		{B1D307E3-F9B0-1691-FF18-9E07C0556C54}.Debug MX|x64.ActiveCfg = Debug|x64
		{B1D307E3-F9B0-1691-FF18-9E07C0556C54}.Debug MX|x64.Build.0 = Debug|x64
		{B1D307E3-F9B0-1691-FF18-9E07C0556C54}.Debug|Win32.ActiveCfg = Debug|Win32
		{B1D307E3-F9B0-1691-FF18-9E07C0556C54}.Debug|Win32.Build.0 = Debug|Win32
		{B1D307E3-F9B0-1691-FF18-9E07C0556C54}.Debug|x64.ActiveCfg = Debug|x64
		{B1D307E3-F9B0-1691-FF18-9E07C0556C54}.Debug|x64.Build.0 = Debug|x64
		{B1D307E3-F9B0-1691-FF18-9E07C0556C54}.Release MX|Win32.ActiveCfg = Release|Win32
		{B1D307E3-F9B0-1691-FF18-9E07C0556C54}.Release MX|Win32.Build.0 = Release|Win32
		{B1D307E3-F9B0-1691-FF18-9E07C0556C54}.Release MX|x64.ActiveCfg = Release|x64
		{B1D307E3-F9B0-1691-FF18-9E07C0556C54}.Release MX|x64.Build.0 = Release|x64
		{B1D307E3-F9B0-1691-FF18-9E07C0556C54}.Release|Win32.ActiveCfg = Release|Win32
		{B1D307E3-F9B0-1691-FF18-9E07C0556C54}.Release|Win32.Build.0 = Release|Win32
		{B1D307E3-F9B0-1691-FF18-9E07C0556C54}.Release|x64.ActiveCfg = Release|x64
		{B1D307E3-F9B0-1691-FF18-9E07C0556C54}.Release|x64.Build.0 = Release|x64
		{CD4DA2E3-FFAB-4BFC-8D05-D7A6CF91A379}.Debug MX|Win32.ActiveCfg = Debug MX|Win32
		{CD4DA2E3-FFAB-4BFC-8D05-D7A6CF91A379}.Debug MX|Win32.Build.0 = Debug MX|Win32
		{CD4DA2E3-FFAB-4BFC-8D05-D7A6CF91A379}.Debug MX|x64.ActiveCfg = Debug MX|Win32
		{CD4DA2E3-FFAB-4BFC-8D05-D7A6CF91A379}.Debug|Win32.ActiveCfg = Debug|Win32
		{CD4DA2E3-FFAB-4BFC-8D05-D7A6CF91A379}.Debug|Win32.Build.0 = Debug|Win32
		{CD4DA2E3-FFAB-4BFC-8D05-D7A6CF91A379}.Debug|x64.ActiveCfg = Debug|Win32
		{CD4DA2E3-FFAB-4BFC-8D05-D7A6CF91A379}.Release MX|Win32.ActiveCfg = Release MX|Win32
		{CD4DA2E3-FFAB-4BFC-8D05-D7A6CF91A379}.Release MX|Win32.Build.0 = Release MX|Win32
		{CD4DA2E3-FFAB-4BFC-8D05-D7A6CF91A379}.Release MX|x64.ActiveCfg = Release MX|Win32
		{CD4DA2E3-FFAB-4BFC-8D05-D7A6CF91A379}.Release|Win32.ActiveCfg = Release|Win32
		{CD4DA2E3-FFAB-4BFC-8D05-D7A6CF91A379}.Release|Win32.Build.0 = Release|Win32
		{CD4DA2E3-FFAB-4BFC-8D05-D7A6CF91A379}.Release|x64.ActiveCfg = Release|Win32
		{DB59DBD2-AFCB-D5B1-7818-931385285E75}.Debug MX|Win32.ActiveCfg = Debug|Win32
		{DB59DBD2-AFCB-D5B1-7818-931385285E75}.Debug MX|Win32.Build.0 = Debug|Win32
		{DB59DBD2-AFCB-D5B1-7818-931385285E75}.Debug MX|x64.ActiveCfg = Debug|x64
		{DB59DBD2-AFCB-D5B1-7818-931385285E75}.Debug MX|x64.Build.0 = Debug|x64
		{DB59DBD2-AFCB-D5B1-7818-931385285E75}.Debug|Win32.ActiveCfg = Debug|Win32
		{DB59DBD2-AFCB-D5B1-7818-931385285E75}.Debug|Win32.Build.0 = Debug|Win32
		{DB59DBD2-AFCB-D5B1-7818-931385285E75}.Debug|x64.ActiveCfg = Debug|x64
		{DB59DBD2-AFCB-D5B1-7818-931385285E75}.Debug|x64.Build.0 = Debug|x64
		{DB59DBD2-AFCB-D5B1-7818-931385285E75}.Release MX|Win32.ActiveCfg = Release|Win32
		{DB59DBD2-AFCB-D5B1-7818-931385285E75}.Release MX|Win32.Build.0 = Release|Win32
		{DB59DBD2-AFCB-D5B1-7818-931385285E75}.Release MX|x64.ActiveCfg = Release|x64
		{DB59DBD2-AFCB-D5B1-7818-931385285E75}.Release MX|x64.Build.0 = Release|x64
		{DB59DBD2-AFCB-D5B1-7818-931385285E75}.Release|Win32.ActiveCfg = Release|Win32
		{DB59DBD2-AFCB-D5B1-7818-931385285E75}.Release|Win32.Build.0 = Release|Win32
		{DB59DBD2-AFCB-D5B1-7818-931385285E75}.Release|x64.ActiveCfg = Release|x64
		{DB59DBD2-AFCB-D5B1-7818-931385285E75}.Release|x64.Build.0 = Release|x64
		{04F71DFB-3E4A-7754-48B0-AC6CA6A1047B}.Debug MX|Win32.ActiveCfg = Debug|Win32
		{04F71DFB-3E4A-7754-48B0-AC6CA6A1047B}.Debug MX|Win32.Build.0 = Debug|Win32
		{04F71DFB-3E4A-7754-48B0-AC6CA6A1047B}.Debug MX|x64.ActiveCfg = Debug|x64
		{04F71DFB-3E4A-7754-48B0-AC6CA6A1047B}.Debug MX|x64.Build.0 = Debug|x64
		{04F71DFB-3E4A-7754-48B0-AC6CA6A1047B}.Debug|Win32.ActiveCfg = Debug|Win32
		{04F71DFB-3E4A-7754-48B0-AC6CA6A1047B}.Debug|Win32.Build.0 = Debug|Win32
		{04F71DFB-3E4A-7754-48B0-AC6CA6A1047B}.Debug|x64.ActiveCfg = Debug|x64
		{04F71DFB-3E4A-7754-48B0-AC6CA6A1047B}.Debug|x64.Build.0 = Debug|x64
		{04F71DFB-3E4A-7754-48B0-AC6CA6A1047B}.Release MX|Win32.ActiveCfg = Release|Win32
		{04F71DFB-3E4A-7754-48B0-AC6CA6A1047B}.Release MX|Win32.Build.0 = Release|Win32
		{04F71DFB-3E4A-7754-48B0-AC6CA6A1047B}.Release MX|x64.ActiveCfg = Release|x64
		{04F71DFB-3E4A-7754-48B0-AC6CA6A1047B}.Release MX|x64.Build.0 = Release|x64
		{04F71DFB-3E4A-7754-48B0-AC6CA6A1047B}.Release|Win32.ActiveCfg = Release|Win32
		{04F71DFB-3E4A-7754-48B0-AC6CA6A1047B}.Release|Win32.Build.0 = Release|Win32
		{04F71DFB-3E4A-7754-48B0-AC6CA6A1047B}.Release|x64.ActiveCfg = Release|x64
		{04F71DFB-3E4A-7754-48B0-AC6CA6A1047B}.Release|x64.Build.0 = Release|x64
		{0B6686D7-EDDA-0A19-0BC5-FD4286B13466}.Debug MX|Win32.ActiveCfg = Debug|Win32
		{0B6686D7-EDDA-0A19-0BC5-FD4286B13466}.Debug MX|Win32.Build.0 = Debug|Win32
		{0B6686D7-EDDA-0A19-0BC5-FD4286B13466}.Debug MX|x64.ActiveCfg = Debug|x64
		{0B6686D7-EDDA-0A19-0BC5-FD4286B13466}.Debug MX|x64.Build.0 = Debug|x64
		{0B6686D7-EDDA-0A19-0BC5-FD4286B13466}.Debug|Win32.ActiveCfg = Debug|Win32
		{0B6686D7-EDDA-0A19-0BC5-FD4286B13466}.Debug|Win32.Build.0 = Debug|Win32
		{0B6686D7-EDDA-0A19-0BC5-FD4286B13466}.Debug|x64.ActiveCfg = Debug|x64
		{0B6686D7-EDDA-0A19-0BC5-FD4286B13466}.Debug|x64.Build.0 = Debug|x64
		{0B6686D7-EDDA-0A19-0BC5-FD4286B13466}.Release MX|Win32.ActiveCfg = Release|Win32
		{0B6686D7-EDDA-0A19-0BC5-FD4286B13466}.Release MX|Win32.Build.0 = Release|Win32
		{0B6686D7-EDDA-0A19-0BC5-FD4286B13466}.Release MX|x64.ActiveCfg = Release|x64
		{0B6686D7-EDDA-0A19-0BC5-FD4286B13466}.Release MX|x64.Build.0 = Release|x64
		{0B6686D7-EDDA-0A19-0BC5-FD4286B13466}.Release|Win32.ActiveCfg = Release|Win32
		{0B6686D7-EDDA-0A19-0BC5-FD4286B13466}.Release|Win32.Build.0 = Release|Win32
		{0B6686D7-EDDA-0A19-0BC5-FD4286B13466}.Release|x64.ActiveCfg = Release|x64
		{0B6686D7-EDDA-0A19-0BC5-FD4286B13466}.Release|x64.Build.0 = Release|x64
		{4353DEAD-27CF-5E4D-64DD-587D4510C4F2}.Debug MX|Win32.ActiveCfg = Debug|Win32
		{4353DEAD-27CF-5E4D-64DD-587D4510C4F2}.Debug MX|Win32.Build.0 = Debug|Win32
		{4353DEAD-27CF-5E4D-64DD-587D4510C4F2}.Debug MX|x64.ActiveCfg = Debug|x64
		{4353DEAD-27CF-5E4D-64DD-587D4510C4F2}.Debug MX|x64.Build.0 = Debug|x64
		{4353DEAD-27CF-5E4D-64DD-587D4510C4F2}.Debug|Win32.ActiveCfg = Debug|Win32
		{4353DEAD-27CF-5E4D-64DD-587D4510C4F2}.Debug|Win32.Build.0 = Debug|Win32
		{4353DEAD-27CF-5E4D-64DD-587D4510C4F2}.Debug|x64.ActiveCfg = Debug|x64
		{4353DEAD-27CF-5E4D-64DD-587D4510C4F2}.Debug|x64.Build.0 = Debug|x64
		{4353DEAD-27CF-5E4D-64DD-587D4510C4F2}.Release MX|Win32.ActiveCfg = Release|Win32
		{4353DEAD-27CF-5E4D-64DD-587D4510C4F2}.Release MX|Win32.Build.0 = Release|Win32
		{4353DEAD-27CF-5E4D-64DD-587D4510C4F2}.Release MX|x64.ActiveCfg = Release|x64
		{4353DEAD-27CF-5E4D-64DD-587D4510C4F2}.Release MX|x64.Build.0 = Release|x64
		{4353DEAD-27CF-5E4D-64DD-587D4510C4F2}.Release|Win32.ActiveCfg = Release|Win32
		{4353DEAD-27CF-5E4D-64DD-587D4510C4F2}.Release|Win32.Build.0 = Release|Win32
		{4353DEAD-27CF-5E4D-64DD-587D4510C4F2}.Release|x64.ActiveCfg = Release|x64
		{4353DEAD-27CF-5E4D-64DD-587D4510C4F2}.Release|x64.Build.0 = Release|x64
		{5A5CC5C3-ACBD-4382-649D-2F56630EE516}.Debug MX|Win32.ActiveCfg = Debug|Win32
		{5A5CC5C3-ACBD-4382-649D-2F56630EE516}.Debug MX|Win32.Build.0 = Debug|Win32
		{5A5CC5C3-ACBD-4382-649D-2F56630EE516}.Debug MX|x64.ActiveCfg = Debug|x64
		{5A5CC5C3-ACBD-4382-649D-2F56630EE516}.Debug MX|x64.Build.0 = Debug|x64
		{5A5CC5C3-ACBD-4382-649D-2F56630EE516}.Debug|Win32.ActiveCfg = Debug|Win32
		{5A5CC5C3-ACBD-4382-649D-2F56630EE516}.Debug|Win32.Build.0 = Debug|Win32
		{5A5CC5C3-ACBD-4382-649D-2F56630EE516}.Debug|x64.ActiveCfg = Debug|x64
		{5A5CC5C3-ACBD-4382-649D-2F56630EE516}.Debug|x64.Build.0 = Debug|x64
		{5A5CC5C3-ACBD-4382-649D-2F56630EE516}.Release MX|Win32.ActiveCfg = Release|Win32
		{5A5CC5C3-ACBD-4382-649D-2F56630EE516}.Release MX|Win32.Build.0 = Release|Win32
		{5A5CC5C3-ACBD-4382-649D-2F56630EE516}.Release MX|x64.ActiveCfg = Release|x64
		{5A5CC5C3-ACBD-4382-649D-2F56630EE516}.Release MX|x64.Build.0 = Release|x64
		{5A5CC5C3-ACBD-4382-649D-2F56630EE516}.Release|Win32.ActiveCfg = Release|Win32
		{5A5CC5C3-ACBD-4382-649D-2F56630EE516}.Release|Win32.Build.0 = Release|Win32
		{5A5CC5C3-ACBD-4382-649D-2F56630EE516}.Release|x64.ActiveCfg = Release|x64
		{5A5CC5C3-ACBD-4382-649D-2F56630EE516}.Release|x64.Build.0 = Release|x64
		{CFCCCBB1-D3F2-13C6-004E-F29AB32345A3}.Debug MX|Win32.ActiveCfg = Debug|Win32
		{CFCCCBB1-D3F2-13C6-004E-F29AB32345A3}.Debug MX|Win32.Build.0 = Debug|Win32
		{CFCCCBB1-D3F2-13C6-004E-F29AB32345A3}.Debug MX|x64.ActiveCfg = Debug|x64
		{CFCCCBB1-D3F2-13C6-004E-F29AB32345A3}.Debug MX|x64.Build.0 = Debug|x64
		{CFCCCBB1-D3F2-13C6-004E-F29AB32345A3}.Debug|Win32.ActiveCfg = Debug|Win32
		{CFCCCBB1-D3F2-13C6-004E-F29AB32345A3}.Debug|Win32.Build.0 = Debug|Win32
		{CFCCCBB1-D3F2-13C6-004E-F29AB32345A3}.Debug|x64.ActiveCfg = Debug|x64
		{CFCCCBB1-D3F2-13C6-004E-F29AB32345A3}.Debug|x64.Build.0 = Debug|x64
		{CFCCCBB1-D3F2-13C6-004E-F29AB32345A3}.Release MX|Win32.ActiveCfg = Release|Win32
		{CFCCCBB1-D3F2-13C6-004E-F29AB32345A3}.Release MX|Win32.Build.0 = Release|Win32
		{CFCCCBB1-D3F2-13C6-004E-F29AB32345A3}.Release MX|x64.ActiveCfg = Release|x64
		{CFCCCBB1-D3F2-13C6-004E-F29AB32345A3}.Release MX|x64.Build.0 = Release|x64
		{CFCCCBB1-D3F2-13C6-004E-F29AB32345A3}.Release|Win32.ActiveCfg = Release|Win32
		{CFCCCBB1-D3F2-13C6-004E-F29AB32345A3}.Release|Win32.Build.0 = Release|Win32
		{CFCCCBB1-D3F2-13C6-004E-F29AB32345A3}.Release|x64.ActiveCfg = Release|x64
		{CFCCCBB1-D3F2-13C6-004E-F29AB32345A3}.Release|x64.Build.0 = Release|x64
	EndGlobalSection
	GlobalSection(SolutionProperties) = preSolution
		HideSolutionNode = FALSE
	EndGlobalSection
	GlobalSection(NestedProjects) = preSolution
		{5CEBDD75-6CCB-4687-9E21-9E26ECF67F97} = {6D04C47D-A1AA-403E-926A-13833039D9C1}
		{539CED2C-DCAC-E5E9-3B83-311F2D981AAB} = {6D04C47D-A1AA-403E-926A-13833039D9C1}
		{7001AC11-4DC0-61C3-054B-EE6322D1D3DB} = {6D04C47D-A1AA-403E-926A-13833039D9C1}
		{B1D307E3-F9B0-1691-FF18-9E07C0556C54} = {CB964270-C5F4-49CD-A26D-CA0B706312E7}
		{DB59DBD2-AFCB-D5B1-7818-931385285E75} = {F756B466-0D71-460B-BFD9-451582863A6C}
		{04F71DFB-3E4A-7754-48B0-AC6CA6A1047B} = {F756B466-0D71-460B-BFD9-451582863A6C}
		{0B6686D7-EDDA-0A19-0BC5-FD4286B13466} = {F756B466-0D71-460B-BFD9-451582863A6C}
		{4353DEAD-27CF-5E4D-64DD-587D4510C4F2} = {F756B466-0D71-460B-BFD9-451582863A6C}
		{5A5CC5C3-ACBD-4382-649D-2F56630EE516} = {F756B466-0D71-460B-BFD9-451582863A6C}
	EndGlobalSection
EndGlobal
