
Microsoft Visual Studio Solution File, Format Version 12.00
# Visual Studio 2013
VisualStudioVersion = 12.0.31101.0
MinimumVisualStudioVersion = 10.0.40219.1
Project("{8BC9CEB8-8B4A-11D0-8D11-00A0C91BC942}") = "CanvasContext", "CanvasContext\CanvasContext.vcxproj", "{2A6C3C8B-EBE6-430A-BA22-5666208647DC}"
EndProject
Project("{2150E333-8FDC-42A3-9474-1A3956D46DE8}") = "wtf", "wtf", "{CB964270-C5F4-49CD-A26D-CA0B706312E7}"
EndProject
Project("{8BC9CEB8-8B4A-11D0-8D11-00A0C91BC942}") = "skia", "skia\skia.vcxproj", "{E77B9FAF-F871-B19C-6B84-2BC13EA5D6AA}"
EndProject
Project("{8BC9CEB8-8B4A-11D0-8D11-00A0C91BC942}") = "zlib", "third_party\zlib\zlib.vcxproj", "{33B2758B-EFD1-BEB1-80BB-B999B3F1B0D8}"
EndProject
Project("{2150E333-8FDC-42A3-9474-1A3956D46DE8}") = "icu", "icu", "{6D04C47D-A1AA-403E-926A-13833039D9C1}"
EndProject
Project("{8BC9CEB8-8B4A-11D0-8D11-00A0C91BC942}") = "icui18n", "third_party\icu\icui18n.vcxproj", "{5CEBDD75-6CCB-4687-9E21-9E26ECF67F97}"
EndProject
Project("{8BC9CEB8-8B4A-11D0-8D11-00A0C91BC942}") = "icuuc", "third_party\icu\icuuc.vcxproj", "{539CED2C-DCAC-E5E9-3B83-311F2D981AAB}"
EndProject
Project("{8BC9CEB8-8B4A-11D0-8D11-00A0C91BC942}") = "wtf", "wtf\wtf.vcxproj", "{B1D307E3-F9B0-1691-FF18-9E07C0556C54}"
EndProject
Project("{8BC9CEB8-8B4A-11D0-8D11-00A0C91BC942}") = "harfbuzz-ng", "third_party\harfbuzz-ng\harfbuzz-ng.vcxproj", "{CFCCCBB1-D3F2-13C6-004E-F29AB32345A3}"
EndProject
Project("{8BC9CEB8-8B4A-11D0-8D11-00A0C91BC942}") = "SampleApp", "third_party\skia\out\gyp\SampleApp.vcxproj", "{ADD38764-ADC0-CFF5-B3A4-853C834CDC3D}"
EndProject
Global
	GlobalSection(SolutionConfigurationPlatforms) = preSolution
		Debug MX|Win32 = Debug MX|Win32
		Debug MX|x64 = Debug MX|x64
		Debug|Win32 = Debug|Win32
		Debug|x64 = Debug|x64
		Release MX|Win32 = Release MX|Win32
		Release MX|x64 = Release MX|x64
		Release_Developer|Win32 = Release_Developer|Win32
		Release_Developer|x64 = Release_Developer|x64
		Release|Win32 = Release|Win32
		Release|x64 = Release|x64
	EndGlobalSection
	GlobalSection(ProjectConfigurationPlatforms) = postSolution
		{2A6C3C8B-EBE6-430A-BA22-5666208647DC}.Debug MX|Win32.ActiveCfg = Debug|Win32
		{2A6C3C8B-EBE6-430A-BA22-5666208647DC}.Debug MX|Win32.Build.0 = Debug|Win32
		{2A6C3C8B-EBE6-430A-BA22-5666208647DC}.Debug MX|x64.ActiveCfg = Debug|Win32
		{2A6C3C8B-EBE6-430A-BA22-5666208647DC}.Debug|Win32.ActiveCfg = Debug|Win32
		{2A6C3C8B-EBE6-430A-BA22-5666208647DC}.Debug|Win32.Build.0 = Debug|Win32
		{2A6C3C8B-EBE6-430A-BA22-5666208647DC}.Debug|x64.ActiveCfg = Debug|Win32
		{2A6C3C8B-EBE6-430A-BA22-5666208647DC}.Release MX|Win32.ActiveCfg = Release|Win32
		{2A6C3C8B-EBE6-430A-BA22-5666208647DC}.Release MX|Win32.Build.0 = Release|Win32
		{2A6C3C8B-EBE6-430A-BA22-5666208647DC}.Release MX|x64.ActiveCfg = Release|Win32
		{2A6C3C8B-EBE6-430A-BA22-5666208647DC}.Release_Developer|Win32.ActiveCfg = Release|Win32
		{2A6C3C8B-EBE6-430A-BA22-5666208647DC}.Release_Developer|Win32.Build.0 = Release|Win32
		{2A6C3C8B-EBE6-430A-BA22-5666208647DC}.Release_Developer|x64.ActiveCfg = Release|Win32
		{2A6C3C8B-EBE6-430A-BA22-5666208647DC}.Release|Win32.ActiveCfg = Release|Win32
		{2A6C3C8B-EBE6-430A-BA22-5666208647DC}.Release|Win32.Build.0 = Release|Win32
		{2A6C3C8B-EBE6-430A-BA22-5666208647DC}.Release|x64.ActiveCfg = Release|Win32
		{E77B9FAF-F871-B19C-6B84-2BC13EA5D6AA}.Debug MX|Win32.ActiveCfg = Debug|Win32
		{E77B9FAF-F871-B19C-6B84-2BC13EA5D6AA}.Debug MX|Win32.Build.0 = Debug|Win32
		{E77B9FAF-F871-B19C-6B84-2BC13EA5D6AA}.Debug MX|x64.ActiveCfg = Debug|x64
		{E77B9FAF-F871-B19C-6B84-2BC13EA5D6AA}.Debug MX|x64.Build.0 = Debug|x64
		{E77B9FAF-F871-B19C-6B84-2BC13EA5D6AA}.Debug|Win32.ActiveCfg = Debug|Win32
		{E77B9FAF-F871-B19C-6B84-2BC13EA5D6AA}.Debug|Win32.Build.0 = Debug|Win32
		{E77B9FAF-F871-B19C-6B84-2BC13EA5D6AA}.Debug|x64.ActiveCfg = Debug|x64
		{E77B9FAF-F871-B19C-6B84-2BC13EA5D6AA}.Debug|x64.Build.0 = Debug|x64
		{E77B9FAF-F871-B19C-6B84-2BC13EA5D6AA}.Release MX|Win32.ActiveCfg = Release|Win32
		{E77B9FAF-F871-B19C-6B84-2BC13EA5D6AA}.Release MX|Win32.Build.0 = Release|Win32
		{E77B9FAF-F871-B19C-6B84-2BC13EA5D6AA}.Release MX|x64.ActiveCfg = Release|x64
		{E77B9FAF-F871-B19C-6B84-2BC13EA5D6AA}.Release MX|x64.Build.0 = Release|x64
		{E77B9FAF-F871-B19C-6B84-2BC13EA5D6AA}.Release_Developer|Win32.ActiveCfg = Release|Win32
		{E77B9FAF-F871-B19C-6B84-2BC13EA5D6AA}.Release_Developer|Win32.Build.0 = Release|Win32
		{E77B9FAF-F871-B19C-6B84-2BC13EA5D6AA}.Release_Developer|x64.ActiveCfg = Release|x64
		{E77B9FAF-F871-B19C-6B84-2BC13EA5D6AA}.Release_Developer|x64.Build.0 = Release|x64
		{E77B9FAF-F871-B19C-6B84-2BC13EA5D6AA}.Release|Win32.ActiveCfg = Release|Win32
		{E77B9FAF-F871-B19C-6B84-2BC13EA5D6AA}.Release|Win32.Build.0 = Release|Win32
		{E77B9FAF-F871-B19C-6B84-2BC13EA5D6AA}.Release|x64.ActiveCfg = Release|x64
		{E77B9FAF-F871-B19C-6B84-2BC13EA5D6AA}.Release|x64.Build.0 = Release|x64
		{33B2758B-EFD1-BEB1-80BB-B999B3F1B0D8}.Debug MX|Win32.ActiveCfg = Debug|Win32
		{33B2758B-EFD1-BEB1-80BB-B999B3F1B0D8}.Debug MX|Win32.Build.0 = Debug|Win32
		{33B2758B-EFD1-BEB1-80BB-B999B3F1B0D8}.Debug MX|x64.ActiveCfg = Debug|x64
		{33B2758B-EFD1-BEB1-80BB-B999B3F1B0D8}.Debug MX|x64.Build.0 = Debug|x64
		{33B2758B-EFD1-BEB1-80BB-B999B3F1B0D8}.Debug|Win32.ActiveCfg = Debug|Win32
		{33B2758B-EFD1-BEB1-80BB-B999B3F1B0D8}.Debug|Win32.Build.0 = Debug|Win32
		{33B2758B-EFD1-BEB1-80BB-B999B3F1B0D8}.Debug|x64.ActiveCfg = Debug|x64
		{33B2758B-EFD1-BEB1-80BB-B999B3F1B0D8}.Debug|x64.Build.0 = Debug|x64
		{33B2758B-EFD1-BEB1-80BB-B999B3F1B0D8}.Release MX|Win32.ActiveCfg = Release|Win32
		{33B2758B-EFD1-BEB1-80BB-B999B3F1B0D8}.Release MX|Win32.Build.0 = Release|Win32
		{33B2758B-EFD1-BEB1-80BB-B999B3F1B0D8}.Release MX|x64.ActiveCfg = Release|x64
		{33B2758B-EFD1-BEB1-80BB-B999B3F1B0D8}.Release MX|x64.Build.0 = Release|x64
		{33B2758B-EFD1-BEB1-80BB-B999B3F1B0D8}.Release_Developer|Win32.ActiveCfg = Release|Win32
		{33B2758B-EFD1-BEB1-80BB-B999B3F1B0D8}.Release_Developer|Win32.Build.0 = Release|Win32
		{33B2758B-EFD1-BEB1-80BB-B999B3F1B0D8}.Release_Developer|x64.ActiveCfg = Release|x64
		{33B2758B-EFD1-BEB1-80BB-B999B3F1B0D8}.Release_Developer|x64.Build.0 = Release|x64
		{33B2758B-EFD1-BEB1-80BB-B999B3F1B0D8}.Release|Win32.ActiveCfg = Release|Win32
		{33B2758B-EFD1-BEB1-80BB-B999B3F1B0D8}.Release|Win32.Build.0 = Release|Win32
		{33B2758B-EFD1-BEB1-80BB-B999B3F1B0D8}.Release|x64.ActiveCfg = Release|x64
		{33B2758B-EFD1-BEB1-80BB-B999B3F1B0D8}.Release|x64.Build.0 = Release|x64
		{5CEBDD75-6CCB-4687-9E21-9E26ECF67F97}.Debug MX|Win32.ActiveCfg = Debug|Win32
		{5CEBDD75-6CCB-4687-9E21-9E26ECF67F97}.Debug MX|Win32.Build.0 = Debug|Win32
		{5CEBDD75-6CCB-4687-9E21-9E26ECF67F97}.Debug MX|x64.ActiveCfg = Debug|x64
		{5CEBDD75-6CCB-4687-9E21-9E26ECF67F97}.Debug MX|x64.Build.0 = Debug|x64
		{5CEBDD75-6CCB-4687-9E21-9E26ECF67F97}.Debug|Win32.ActiveCfg = Debug|Win32
		{5CEBDD75-6CCB-4687-9E21-9E26ECF67F97}.Debug|Win32.Build.0 = Debug|Win32
		{5CEBDD75-6CCB-4687-9E21-9E26ECF67F97}.Debug|x64.ActiveCfg = Debug|x64
		{5CEBDD75-6CCB-4687-9E21-9E26ECF67F97}.Debug|x64.Build.0 = Debug|x64
		{5CEBDD75-6CCB-4687-9E21-9E26ECF67F97}.Release MX|Win32.ActiveCfg = Release|Win32
		{5CEBDD75-6CCB-4687-9E21-9E26ECF67F97}.Release MX|Win32.Build.0 = Release|Win32
		{5CEBDD75-6CCB-4687-9E21-9E26ECF67F97}.Release MX|x64.ActiveCfg = Release|x64
		{5CEBDD75-6CCB-4687-9E21-9E26ECF67F97}.Release MX|x64.Build.0 = Release|x64
		{5CEBDD75-6CCB-4687-9E21-9E26ECF67F97}.Release_Developer|Win32.ActiveCfg = Release|Win32
		{5CEBDD75-6CCB-4687-9E21-9E26ECF67F97}.Release_Developer|Win32.Build.0 = Release|Win32
		{5CEBDD75-6CCB-4687-9E21-9E26ECF67F97}.Release_Developer|x64.ActiveCfg = Release|x64
		{5CEBDD75-6CCB-4687-9E21-9E26ECF67F97}.Release_Developer|x64.Build.0 = Release|x64
		{5CEBDD75-6CCB-4687-9E21-9E26ECF67F97}.Release|Win32.ActiveCfg = Release|Win32
		{5CEBDD75-6CCB-4687-9E21-9E26ECF67F97}.Release|Win32.Build.0 = Release|Win32
		{5CEBDD75-6CCB-4687-9E21-9E26ECF67F97}.Release|x64.ActiveCfg = Release|x64
		{5CEBDD75-6CCB-4687-9E21-9E26ECF67F97}.Release|x64.Build.0 = Release|x64
		{539CED2C-DCAC-E5E9-3B83-311F2D981AAB}.Debug MX|Win32.ActiveCfg = Debug|Win32
		{539CED2C-DCAC-E5E9-3B83-311F2D981AAB}.Debug MX|Win32.Build.0 = Debug|Win32
		{539CED2C-DCAC-E5E9-3B83-311F2D981AAB}.Debug MX|x64.ActiveCfg = Debug|x64
		{539CED2C-DCAC-E5E9-3B83-311F2D981AAB}.Debug MX|x64.Build.0 = Debug|x64
		{539CED2C-DCAC-E5E9-3B83-311F2D981AAB}.Debug|Win32.ActiveCfg = Debug|Win32
		{539CED2C-DCAC-E5E9-3B83-311F2D981AAB}.Debug|Win32.Build.0 = Debug|Win32
		{539CED2C-DCAC-E5E9-3B83-311F2D981AAB}.Debug|x64.ActiveCfg = Debug|x64
		{539CED2C-DCAC-E5E9-3B83-311F2D981AAB}.Debug|x64.Build.0 = Debug|x64
		{539CED2C-DCAC-E5E9-3B83-311F2D981AAB}.Release MX|Win32.ActiveCfg = Release|Win32
		{539CED2C-DCAC-E5E9-3B83-311F2D981AAB}.Release MX|Win32.Build.0 = Release|Win32
		{539CED2C-DCAC-E5E9-3B83-311F2D981AAB}.Release MX|x64.ActiveCfg = Release|x64
		{539CED2C-DCAC-E5E9-3B83-311F2D981AAB}.Release MX|x64.Build.0 = Release|x64
		{539CED2C-DCAC-E5E9-3B83-311F2D981AAB}.Release_Developer|Win32.ActiveCfg = Release|Win32
		{539CED2C-DCAC-E5E9-3B83-311F2D981AAB}.Release_Developer|Win32.Build.0 = Release|Win32
		{539CED2C-DCAC-E5E9-3B83-311F2D981AAB}.Release_Developer|x64.ActiveCfg = Release|x64
		{539CED2C-DCAC-E5E9-3B83-311F2D981AAB}.Release_Developer|x64.Build.0 = Release|x64
		{539CED2C-DCAC-E5E9-3B83-311F2D981AAB}.Release|Win32.ActiveCfg = Release|Win32
		{539CED2C-DCAC-E5E9-3B83-311F2D981AAB}.Release|Win32.Build.0 = Release|Win32
		{539CED2C-DCAC-E5E9-3B83-311F2D981AAB}.Release|x64.ActiveCfg = Release|x64
		{539CED2C-DCAC-E5E9-3B83-311F2D981AAB}.Release|x64.Build.0 = Release|x64
		{B1D307E3-F9B0-1691-FF18-9E07C0556C54}.Debug MX|Win32.ActiveCfg = Debug|Win32
		{B1D307E3-F9B0-1691-FF18-9E07C0556C54}.Debug MX|Win32.Build.0 = Debug|Win32
		{B1D307E3-F9B0-1691-FF18-9E07C0556C54}.Debug MX|x64.ActiveCfg = Debug|x64
		{B1D307E3-F9B0-1691-FF18-9E07C0556C54}.Debug MX|x64.Build.0 = Debug|x64
		{B1D307E3-F9B0-1691-FF18-9E07C0556C54}.Debug|Win32.ActiveCfg = Debug|Win32
		{B1D307E3-F9B0-1691-FF18-9E07C0556C54}.Debug|Win32.Build.0 = Debug|Win32
		{B1D307E3-F9B0-1691-FF18-9E07C0556C54}.Debug|x64.ActiveCfg = Debug|x64
		{B1D307E3-F9B0-1691-FF18-9E07C0556C54}.Debug|x64.Build.0 = Debug|x64
		{B1D307E3-F9B0-1691-FF18-9E07C0556C54}.Release MX|Win32.ActiveCfg = Release|Win32
		{B1D307E3-F9B0-1691-FF18-9E07C0556C54}.Release MX|Win32.Build.0 = Release|Win32
		{B1D307E3-F9B0-1691-FF18-9E07C0556C54}.Release MX|x64.ActiveCfg = Release|x64
		{B1D307E3-F9B0-1691-FF18-9E07C0556C54}.Release MX|x64.Build.0 = Release|x64
		{B1D307E3-F9B0-1691-FF18-9E07C0556C54}.Release_Developer|Win32.ActiveCfg = Release|Win32
		{B1D307E3-F9B0-1691-FF18-9E07C0556C54}.Release_Developer|Win32.Build.0 = Release|Win32
		{B1D307E3-F9B0-1691-FF18-9E07C0556C54}.Release_Developer|x64.ActiveCfg = Release|x64
		{B1D307E3-F9B0-1691-FF18-9E07C0556C54}.Release_Developer|x64.Build.0 = Release|x64
		{B1D307E3-F9B0-1691-FF18-9E07C0556C54}.Release|Win32.ActiveCfg = Release|Win32
		{B1D307E3-F9B0-1691-FF18-9E07C0556C54}.Release|Win32.Build.0 = Release|Win32
		{B1D307E3-F9B0-1691-FF18-9E07C0556C54}.Release|x64.ActiveCfg = Release|x64
		{B1D307E3-F9B0-1691-FF18-9E07C0556C54}.Release|x64.Build.0 = Release|x64
		{CFCCCBB1-D3F2-13C6-004E-F29AB32345A3}.Debug MX|Win32.ActiveCfg = Debug|Win32
		{CFCCCBB1-D3F2-13C6-004E-F29AB32345A3}.Debug MX|Win32.Build.0 = Debug|Win32
		{CFCCCBB1-D3F2-13C6-004E-F29AB32345A3}.Debug MX|x64.ActiveCfg = Debug|x64
		{CFCCCBB1-D3F2-13C6-004E-F29AB32345A3}.Debug MX|x64.Build.0 = Debug|x64
		{CFCCCBB1-D3F2-13C6-004E-F29AB32345A3}.Debug|Win32.ActiveCfg = Debug|Win32
		{CFCCCBB1-D3F2-13C6-004E-F29AB32345A3}.Debug|Win32.Build.0 = Debug|Win32
		{CFCCCBB1-D3F2-13C6-004E-F29AB32345A3}.Debug|x64.ActiveCfg = Debug|x64
		{CFCCCBB1-D3F2-13C6-004E-F29AB32345A3}.Debug|x64.Build.0 = Debug|x64
		{CFCCCBB1-D3F2-13C6-004E-F29AB32345A3}.Release MX|Win32.ActiveCfg = Release|Win32
		{CFCCCBB1-D3F2-13C6-004E-F29AB32345A3}.Release MX|Win32.Build.0 = Release|Win32
		{CFCCCBB1-D3F2-13C6-004E-F29AB32345A3}.Release MX|x64.ActiveCfg = Release|x64
		{CFCCCBB1-D3F2-13C6-004E-F29AB32345A3}.Release MX|x64.Build.0 = Release|x64
		{CFCCCBB1-D3F2-13C6-004E-F29AB32345A3}.Release_Developer|Win32.ActiveCfg = Release|Win32
		{CFCCCBB1-D3F2-13C6-004E-F29AB32345A3}.Release_Developer|Win32.Build.0 = Release|Win32
		{CFCCCBB1-D3F2-13C6-004E-F29AB32345A3}.Release_Developer|x64.ActiveCfg = Release|x64
		{CFCCCBB1-D3F2-13C6-004E-F29AB32345A3}.Release_Developer|x64.Build.0 = Release|x64
		{CFCCCBB1-D3F2-13C6-004E-F29AB32345A3}.Release|Win32.ActiveCfg = Release|Win32
		{CFCCCBB1-D3F2-13C6-004E-F29AB32345A3}.Release|Win32.Build.0 = Release|Win32
		{CFCCCBB1-D3F2-13C6-004E-F29AB32345A3}.Release|x64.ActiveCfg = Release|x64
		{CFCCCBB1-D3F2-13C6-004E-F29AB32345A3}.Release|x64.Build.0 = Release|x64
		{ADD38764-ADC0-CFF5-B3A4-853C834CDC3D}.Debug MX|Win32.ActiveCfg = Debug|Win32
		{ADD38764-ADC0-CFF5-B3A4-853C834CDC3D}.Debug MX|Win32.Build.0 = Debug|Win32
		{ADD38764-ADC0-CFF5-B3A4-853C834CDC3D}.Debug MX|x64.ActiveCfg = Debug|Win32
		{ADD38764-ADC0-CFF5-B3A4-853C834CDC3D}.Debug|Win32.ActiveCfg = Debug|Win32
		{ADD38764-ADC0-CFF5-B3A4-853C834CDC3D}.Debug|Win32.Build.0 = Debug|Win32
		{ADD38764-ADC0-CFF5-B3A4-853C834CDC3D}.Debug|x64.ActiveCfg = Debug|Win32
		{ADD38764-ADC0-CFF5-B3A4-853C834CDC3D}.Release MX|Win32.ActiveCfg = Release|Win32
		{ADD38764-ADC0-CFF5-B3A4-853C834CDC3D}.Release MX|Win32.Build.0 = Release|Win32
		{ADD38764-ADC0-CFF5-B3A4-853C834CDC3D}.Release MX|x64.ActiveCfg = Release|Win32
		{ADD38764-ADC0-CFF5-B3A4-853C834CDC3D}.Release_Developer|Win32.ActiveCfg = Release|Win32
		{ADD38764-ADC0-CFF5-B3A4-853C834CDC3D}.Release_Developer|Win32.Build.0 = Release|Win32
		{ADD38764-ADC0-CFF5-B3A4-853C834CDC3D}.Release_Developer|x64.ActiveCfg = Release|Win32
		{ADD38764-ADC0-CFF5-B3A4-853C834CDC3D}.Release|Win32.ActiveCfg = Release|Win32
		{ADD38764-ADC0-CFF5-B3A4-853C834CDC3D}.Release|Win32.Build.0 = Release|Win32
		{ADD38764-ADC0-CFF5-B3A4-853C834CDC3D}.Release|x64.ActiveCfg = Release|Win32
	EndGlobalSection
	GlobalSection(SolutionProperties) = preSolution
		HideSolutionNode = FALSE
	EndGlobalSection
	GlobalSection(NestedProjects) = preSolution
		{5CEBDD75-6CCB-4687-9E21-9E26ECF67F97} = {6D04C47D-A1AA-403E-926A-13833039D9C1}
		{539CED2C-DCAC-E5E9-3B83-311F2D981AAB} = {6D04C47D-A1AA-403E-926A-13833039D9C1}
		{B1D307E3-F9B0-1691-FF18-9E07C0556C54} = {CB964270-C5F4-49CD-A26D-CA0B706312E7}
	EndGlobalSection
EndGlobal
