Microsoft Visual Studio Solution File, Format Version 12.00
# Visual Studio 2013
VisualStudioVersion = 12.0.31101.0
MinimumVisualStudioVersion = 10.0.40219.1
Project("{8BC9CEB8-8B4A-11D0-8D11-00A0C91BC942}") = "SampleApp", "skia\out\gyp\SampleApp.vcxproj", "{493BD3C5-9E25-D9B8-C1B0-82D8CC83E3FD}"
EndProject
Project("{8BC9CEB8-8B4A-11D0-8D11-00A0C91BC942}") = "angle", "skia\out\gyp\angle.vcxproj", "{0C3FA3E5-C787-6229-3759-F2BC95B456F4}"
EndProject
Project("{8BC9CEB8-8B4A-11D0-8D11-00A0C91BC942}") = "animator", "skia\out\gyp\animator.vcxproj", "{18BCED3A-A30C-0FE8-A68C-46CDCED95ED7}"
EndProject
Project("{8BC9CEB8-8B4A-11D0-8D11-00A0C91BC942}") = "core", "skia\out\gyp\core.vcxproj", "{B7760B5E-BFA8-486B-ACFD-49E3A6DE8E76}"
EndProject
Project("{8BC9CEB8-8B4A-11D0-8D11-00A0C91BC942}") = "edtaa", "skia\out\gyp\edtaa.vcxproj", "{CADCAFE1-606B-B535-3739-11526D49A01C}"
EndProject
Project("{8BC9CEB8-8B4A-11D0-8D11-00A0C91BC942}") = "effects", "skia\out\gyp\effects.vcxproj", "{6B5EE129-2990-5F4E-F3C4-E22A84454569}"
EndProject
Project("{8BC9CEB8-8B4A-11D0-8D11-00A0C91BC942}") = "images", "skia\out\gyp\images.vcxproj", "{CE446A2D-AD49-080B-4842-A0C6705DBB5A}"
EndProject
Project("{8BC9CEB8-8B4A-11D0-8D11-00A0C91BC942}") = "libjpeg", "skia\out\gyp\libjpeg.vcxproj", "{61D12D34-7889-B78C-43FB-FE4617C9477C}"
EndProject
Project("{8BC9CEB8-8B4A-11D0-8D11-00A0C91BC942}") = "libwebp", "skia\out\gyp\libwebp.vcxproj", "{E58A818F-AA55-041C-FFA9-D55DA56D32F6}"
EndProject
Project("{8BC9CEB8-8B4A-11D0-8D11-00A0C91BC942}") = "libwebp_dec", "skia\out\gyp\libwebp_dec.vcxproj", "{8867418B-435C-CB2E-0B22-D45C986C6123}"
EndProject
Project("{8BC9CEB8-8B4A-11D0-8D11-00A0C91BC942}") = "libwebp_demux", "skia\out\gyp\libwebp_demux.vcxproj", "{76E78C70-BD07-F7BC-1DE2-762AA80160C1}"
EndProject
Project("{8BC9CEB8-8B4A-11D0-8D11-00A0C91BC942}") = "libwebp_dsp", "skia\out\gyp\libwebp_dsp.vcxproj", "{287117E1-84AD-CA03-1115-4B36CB61FC54}"
EndProject
Project("{8BC9CEB8-8B4A-11D0-8D11-00A0C91BC942}") = "libwebp_dsp_neon", "skia\out\gyp\libwebp_dsp_neon.vcxproj", "{0BDC5292-1DFB-D1AC-257D-60146797353B}"
EndProject
Project("{8BC9CEB8-8B4A-11D0-8D11-00A0C91BC942}") = "libwebp_enc", "skia\out\gyp\libwebp_enc.vcxproj", "{3F85644B-53E3-6AEF-CF1D-0F45E2DAC785}"
EndProject
Project("{8BC9CEB8-8B4A-11D0-8D11-00A0C91BC942}") = "libwebp_utils", "skia\out\gyp\libwebp_utils.vcxproj", "{F84031D0-8EC1-5549-1A0A-959DDEB5FCA9}"
EndProject
Project("{8BC9CEB8-8B4A-11D0-8D11-00A0C91BC942}") = "lua", "skia\out\gyp\lua.vcxproj", "{ED26E78D-E69F-42B8-6692-2FFAACA81790}"
EndProject
Project("{8BC9CEB8-8B4A-11D0-8D11-00A0C91BC942}") = "opts", "skia\out\gyp\opts.vcxproj", "{97490341-FE9E-12EE-151B-DE2928053A7B}"
EndProject
Project("{8BC9CEB8-8B4A-11D0-8D11-00A0C91BC942}") = "opts_ssse3", "skia\out\gyp\opts_ssse3.vcxproj", "{D0FA47EF-A73D-7564-E2BC-E6666D397303}"
EndProject
Project("{8BC9CEB8-8B4A-11D0-8D11-00A0C91BC942}") = "pdf", "skia\out\gyp\pdf.vcxproj", "{BC74F3AA-2525-A300-1E14-B5EDA589F4DA}"
EndProject
Project("{8BC9CEB8-8B4A-11D0-8D11-00A0C91BC942}") = "ports", "skia\out\gyp\ports.vcxproj", "{534FBB80-DC0A-50C7-11F5-99AF75BDB35A}"
EndProject
Project("{8BC9CEB8-8B4A-11D0-8D11-00A0C91BC942}") = "sfnt", "skia\out\gyp\sfnt.vcxproj", "{3D616B7F-BC54-6894-9DE4-8DB41AB06D75}"
EndProject
Project("{8BC9CEB8-8B4A-11D0-8D11-00A0C91BC942}") = "skgpu", "skia\out\gyp\skgpu.vcxproj", "{585331D9-E789-1935-EE54-C3DC98B6BFE1}"
EndProject
Project("{8BC9CEB8-8B4A-11D0-8D11-00A0C91BC942}") = "skgputest", "skia\out\gyp\skgputest.vcxproj", "{BFEBA22D-4244-3CE6-B33F-DD14CA519DB2}"
EndProject
Project("{8BC9CEB8-8B4A-11D0-8D11-00A0C91BC942}") = "skia_lib", "skia\out\gyp\skia_lib.vcxproj", "{8526E34C-E974-E136-60E6-BFDA54E67B43}"
EndProject
Project("{8BC9CEB8-8B4A-11D0-8D11-00A0C91BC942}") = "utils", "skia\out\gyp\utils.vcxproj", "{E6DF5CC1-9BB3-8AB7-7CA5-731C89D769A0}"
EndProject
Project("{8BC9CEB8-8B4A-11D0-8D11-00A0C91BC942}") = "views", "skia\out\gyp\views.vcxproj", "{A5B90D9D-F8A8-DB29-9037-BB30A5B49DCF}"
EndProject
Project("{8BC9CEB8-8B4A-11D0-8D11-00A0C91BC942}") = "views_animated", "skia\out\gyp\views_animated.vcxproj", "{FFB4E93A-05A8-E9C1-01DA-C9271E47485D}"
EndProject
Project("{8BC9CEB8-8B4A-11D0-8D11-00A0C91BC942}") = "xml", "skia\out\gyp\xml.vcxproj", "{C2CDEB62-0274-ECAD-976B-55F6144AF1AC}"
EndProject
Project("{8BC9CEB8-8B4A-11D0-8D11-00A0C91BC942}") = "zlib", "skia\third_party\externals\zlib\zlib.vcxproj", "{33B2758B-EFD1-BEB1-80BB-B999B3F1B0D8}"
EndProject
Global
	GlobalSection(SolutionConfigurationPlatforms) = preSolution
		Debug|Win32 = Debug|Win32
		Debug|x64 = Debug|x64
		Release_Developer|Win32 = Release_Developer|Win32
		Release_Developer|x64 = Release_Developer|x64
		Release|Win32 = Release|Win32
		Release|x64 = Release|x64
	EndGlobalSection
	GlobalSection(ProjectConfigurationPlatforms) = postSolution
		{493BD3C5-9E25-D9B8-C1B0-82D8CC83E3FD}.Debug|Win32.ActiveCfg = Debug|Win32
		{493BD3C5-9E25-D9B8-C1B0-82D8CC83E3FD}.Debug|Win32.Build.0 = Debug|Win32
		{493BD3C5-9E25-D9B8-C1B0-82D8CC83E3FD}.Debug|x64.ActiveCfg = Debug|Win32
		{493BD3C5-9E25-D9B8-C1B0-82D8CC83E3FD}.Release_Developer|Win32.ActiveCfg = Release_Developer|Win32
		{493BD3C5-9E25-D9B8-C1B0-82D8CC83E3FD}.Release_Developer|Win32.Build.0 = Release_Developer|Win32
		{493BD3C5-9E25-D9B8-C1B0-82D8CC83E3FD}.Release_Developer|x64.ActiveCfg = Release_Developer|Win32
		{493BD3C5-9E25-D9B8-C1B0-82D8CC83E3FD}.Release|Win32.ActiveCfg = Release|Win32
		{493BD3C5-9E25-D9B8-C1B0-82D8CC83E3FD}.Release|Win32.Build.0 = Release|Win32
		{493BD3C5-9E25-D9B8-C1B0-82D8CC83E3FD}.Release|x64.ActiveCfg = Release|Win32
		{0C3FA3E5-C787-6229-3759-F2BC95B456F4}.Debug|Win32.ActiveCfg = Debug|Win32
		{0C3FA3E5-C787-6229-3759-F2BC95B456F4}.Debug|Win32.Build.0 = Debug|Win32
		{0C3FA3E5-C787-6229-3759-F2BC95B456F4}.Debug|x64.ActiveCfg = Debug|Win32
		{0C3FA3E5-C787-6229-3759-F2BC95B456F4}.Release_Developer|Win32.ActiveCfg = Release_Developer|Win32
		{0C3FA3E5-C787-6229-3759-F2BC95B456F4}.Release_Developer|Win32.Build.0 = Release_Developer|Win32
		{0C3FA3E5-C787-6229-3759-F2BC95B456F4}.Release_Developer|x64.ActiveCfg = Release_Developer|Win32
		{0C3FA3E5-C787-6229-3759-F2BC95B456F4}.Release|Win32.ActiveCfg = Release|Win32
		{0C3FA3E5-C787-6229-3759-F2BC95B456F4}.Release|Win32.Build.0 = Release|Win32
		{0C3FA3E5-C787-6229-3759-F2BC95B456F4}.Release|x64.ActiveCfg = Release|Win32
		{18BCED3A-A30C-0FE8-A68C-46CDCED95ED7}.Debug|Win32.ActiveCfg = Debug|Win32
		{18BCED3A-A30C-0FE8-A68C-46CDCED95ED7}.Debug|Win32.Build.0 = Debug|Win32
		{18BCED3A-A30C-0FE8-A68C-46CDCED95ED7}.Debug|x64.ActiveCfg = Debug|Win32
		{18BCED3A-A30C-0FE8-A68C-46CDCED95ED7}.Release_Developer|Win32.ActiveCfg = Release_Developer|Win32
		{18BCED3A-A30C-0FE8-A68C-46CDCED95ED7}.Release_Developer|Win32.Build.0 = Release_Developer|Win32
		{18BCED3A-A30C-0FE8-A68C-46CDCED95ED7}.Release_Developer|x64.ActiveCfg = Release_Developer|Win32
		{18BCED3A-A30C-0FE8-A68C-46CDCED95ED7}.Release|Win32.ActiveCfg = Release|Win32
		{18BCED3A-A30C-0FE8-A68C-46CDCED95ED7}.Release|Win32.Build.0 = Release|Win32
		{18BCED3A-A30C-0FE8-A68C-46CDCED95ED7}.Release|x64.ActiveCfg = Release|Win32
		{B7760B5E-BFA8-486B-ACFD-49E3A6DE8E76}.Debug|Win32.ActiveCfg = Debug|Win32
		{B7760B5E-BFA8-486B-ACFD-49E3A6DE8E76}.Debug|Win32.Build.0 = Debug|Win32
		{B7760B5E-BFA8-486B-ACFD-49E3A6DE8E76}.Debug|x64.ActiveCfg = Debug|Win32
		{B7760B5E-BFA8-486B-ACFD-49E3A6DE8E76}.Release_Developer|Win32.ActiveCfg = Release_Developer|Win32
		{B7760B5E-BFA8-486B-ACFD-49E3A6DE8E76}.Release_Developer|Win32.Build.0 = Release_Developer|Win32
		{B7760B5E-BFA8-486B-ACFD-49E3A6DE8E76}.Release_Developer|x64.ActiveCfg = Release_Developer|Win32
		{B7760B5E-BFA8-486B-ACFD-49E3A6DE8E76}.Release|Win32.ActiveCfg = Release|Win32
		{B7760B5E-BFA8-486B-ACFD-49E3A6DE8E76}.Release|Win32.Build.0 = Release|Win32
		{B7760B5E-BFA8-486B-ACFD-49E3A6DE8E76}.Release|x64.ActiveCfg = Release|Win32
		{CADCAFE1-606B-B535-3739-11526D49A01C}.Debug|Win32.ActiveCfg = Debug|Win32
		{CADCAFE1-606B-B535-3739-11526D49A01C}.Debug|Win32.Build.0 = Debug|Win32
		{CADCAFE1-606B-B535-3739-11526D49A01C}.Debug|x64.ActiveCfg = Debug|Win32
		{CADCAFE1-606B-B535-3739-11526D49A01C}.Release_Developer|Win32.ActiveCfg = Release_Developer|Win32
		{CADCAFE1-606B-B535-3739-11526D49A01C}.Release_Developer|Win32.Build.0 = Release_Developer|Win32
		{CADCAFE1-606B-B535-3739-11526D49A01C}.Release_Developer|x64.ActiveCfg = Release_Developer|Win32
		{CADCAFE1-606B-B535-3739-11526D49A01C}.Release|Win32.ActiveCfg = Release|Win32
		{CADCAFE1-606B-B535-3739-11526D49A01C}.Release|Win32.Build.0 = Release|Win32
		{CADCAFE1-606B-B535-3739-11526D49A01C}.Release|x64.ActiveCfg = Release|Win32
		{6B5EE129-2990-5F4E-F3C4-E22A84454569}.Debug|Win32.ActiveCfg = Debug|Win32
		{6B5EE129-2990-5F4E-F3C4-E22A84454569}.Debug|Win32.Build.0 = Debug|Win32
		{6B5EE129-2990-5F4E-F3C4-E22A84454569}.Debug|x64.ActiveCfg = Debug|Win32
		{6B5EE129-2990-5F4E-F3C4-E22A84454569}.Release_Developer|Win32.ActiveCfg = Release_Developer|Win32
		{6B5EE129-2990-5F4E-F3C4-E22A84454569}.Release_Developer|Win32.Build.0 = Release_Developer|Win32
		{6B5EE129-2990-5F4E-F3C4-E22A84454569}.Release_Developer|x64.ActiveCfg = Release_Developer|Win32
		{6B5EE129-2990-5F4E-F3C4-E22A84454569}.Release|Win32.ActiveCfg = Release|Win32
		{6B5EE129-2990-5F4E-F3C4-E22A84454569}.Release|Win32.Build.0 = Release|Win32
		{6B5EE129-2990-5F4E-F3C4-E22A84454569}.Release|x64.ActiveCfg = Release|Win32
		{CE446A2D-AD49-080B-4842-A0C6705DBB5A}.Debug|Win32.ActiveCfg = Debug|Win32
		{CE446A2D-AD49-080B-4842-A0C6705DBB5A}.Debug|Win32.Build.0 = Debug|Win32
		{CE446A2D-AD49-080B-4842-A0C6705DBB5A}.Debug|x64.ActiveCfg = Debug|Win32
		{CE446A2D-AD49-080B-4842-A0C6705DBB5A}.Release_Developer|Win32.ActiveCfg = Release_Developer|Win32
		{CE446A2D-AD49-080B-4842-A0C6705DBB5A}.Release_Developer|Win32.Build.0 = Release_Developer|Win32
		{CE446A2D-AD49-080B-4842-A0C6705DBB5A}.Release_Developer|x64.ActiveCfg = Release_Developer|Win32
		{CE446A2D-AD49-080B-4842-A0C6705DBB5A}.Release|Win32.ActiveCfg = Release|Win32
		{CE446A2D-AD49-080B-4842-A0C6705DBB5A}.Release|Win32.Build.0 = Release|Win32
		{CE446A2D-AD49-080B-4842-A0C6705DBB5A}.Release|x64.ActiveCfg = Release|Win32
		{61D12D34-7889-B78C-43FB-FE4617C9477C}.Debug|Win32.ActiveCfg = Debug|Win32
		{61D12D34-7889-B78C-43FB-FE4617C9477C}.Debug|Win32.Build.0 = Debug|Win32
		{61D12D34-7889-B78C-43FB-FE4617C9477C}.Debug|x64.ActiveCfg = Debug|Win32
		{61D12D34-7889-B78C-43FB-FE4617C9477C}.Release_Developer|Win32.ActiveCfg = Release_Developer|Win32
		{61D12D34-7889-B78C-43FB-FE4617C9477C}.Release_Developer|Win32.Build.0 = Release_Developer|Win32
		{61D12D34-7889-B78C-43FB-FE4617C9477C}.Release_Developer|x64.ActiveCfg = Release_Developer|Win32
		{61D12D34-7889-B78C-43FB-FE4617C9477C}.Release|Win32.ActiveCfg = Release|Win32
		{61D12D34-7889-B78C-43FB-FE4617C9477C}.Release|Win32.Build.0 = Release|Win32
		{61D12D34-7889-B78C-43FB-FE4617C9477C}.Release|x64.ActiveCfg = Release|Win32
		{E58A818F-AA55-041C-FFA9-D55DA56D32F6}.Debug|Win32.ActiveCfg = Debug|Win32
		{E58A818F-AA55-041C-FFA9-D55DA56D32F6}.Debug|Win32.Build.0 = Debug|Win32
		{E58A818F-AA55-041C-FFA9-D55DA56D32F6}.Debug|x64.ActiveCfg = Debug|Win32
		{E58A818F-AA55-041C-FFA9-D55DA56D32F6}.Release_Developer|Win32.ActiveCfg = Release_Developer|Win32
		{E58A818F-AA55-041C-FFA9-D55DA56D32F6}.Release_Developer|Win32.Build.0 = Release_Developer|Win32
		{E58A818F-AA55-041C-FFA9-D55DA56D32F6}.Release_Developer|x64.ActiveCfg = Release_Developer|Win32
		{E58A818F-AA55-041C-FFA9-D55DA56D32F6}.Release|Win32.ActiveCfg = Release|Win32
		{E58A818F-AA55-041C-FFA9-D55DA56D32F6}.Release|Win32.Build.0 = Release|Win32
		{E58A818F-AA55-041C-FFA9-D55DA56D32F6}.Release|x64.ActiveCfg = Release|Win32
		{8867418B-435C-CB2E-0B22-D45C986C6123}.Debug|Win32.ActiveCfg = Debug|Win32
		{8867418B-435C-CB2E-0B22-D45C986C6123}.Debug|Win32.Build.0 = Debug|Win32
		{8867418B-435C-CB2E-0B22-D45C986C6123}.Debug|x64.ActiveCfg = Debug|Win32
		{8867418B-435C-CB2E-0B22-D45C986C6123}.Release_Developer|Win32.ActiveCfg = Release_Developer|Win32
		{8867418B-435C-CB2E-0B22-D45C986C6123}.Release_Developer|Win32.Build.0 = Release_Developer|Win32
		{8867418B-435C-CB2E-0B22-D45C986C6123}.Release_Developer|x64.ActiveCfg = Release_Developer|Win32
		{8867418B-435C-CB2E-0B22-D45C986C6123}.Release|Win32.ActiveCfg = Release|Win32
		{8867418B-435C-CB2E-0B22-D45C986C6123}.Release|Win32.Build.0 = Release|Win32
		{8867418B-435C-CB2E-0B22-D45C986C6123}.Release|x64.ActiveCfg = Release|Win32
		{76E78C70-BD07-F7BC-1DE2-762AA80160C1}.Debug|Win32.ActiveCfg = Debug|Win32
		{76E78C70-BD07-F7BC-1DE2-762AA80160C1}.Debug|Win32.Build.0 = Debug|Win32
		{76E78C70-BD07-F7BC-1DE2-762AA80160C1}.Debug|x64.ActiveCfg = Debug|Win32
		{76E78C70-BD07-F7BC-1DE2-762AA80160C1}.Release_Developer|Win32.ActiveCfg = Release_Developer|Win32
		{76E78C70-BD07-F7BC-1DE2-762AA80160C1}.Release_Developer|Win32.Build.0 = Release_Developer|Win32
		{76E78C70-BD07-F7BC-1DE2-762AA80160C1}.Release_Developer|x64.ActiveCfg = Release_Developer|Win32
		{76E78C70-BD07-F7BC-1DE2-762AA80160C1}.Release|Win32.ActiveCfg = Release|Win32
		{76E78C70-BD07-F7BC-1DE2-762AA80160C1}.Release|Win32.Build.0 = Release|Win32
		{76E78C70-BD07-F7BC-1DE2-762AA80160C1}.Release|x64.ActiveCfg = Release|Win32
		{287117E1-84AD-CA03-1115-4B36CB61FC54}.Debug|Win32.ActiveCfg = Debug|Win32
		{287117E1-84AD-CA03-1115-4B36CB61FC54}.Debug|Win32.Build.0 = Debug|Win32
		{287117E1-84AD-CA03-1115-4B36CB61FC54}.Debug|x64.ActiveCfg = Debug|Win32
		{287117E1-84AD-CA03-1115-4B36CB61FC54}.Release_Developer|Win32.ActiveCfg = Release_Developer|Win32
		{287117E1-84AD-CA03-1115-4B36CB61FC54}.Release_Developer|Win32.Build.0 = Release_Developer|Win32
		{287117E1-84AD-CA03-1115-4B36CB61FC54}.Release_Developer|x64.ActiveCfg = Release_Developer|Win32
		{287117E1-84AD-CA03-1115-4B36CB61FC54}.Release|Win32.ActiveCfg = Release|Win32
		{287117E1-84AD-CA03-1115-4B36CB61FC54}.Release|Win32.Build.0 = Release|Win32
		{287117E1-84AD-CA03-1115-4B36CB61FC54}.Release|x64.ActiveCfg = Release|Win32
		{0BDC5292-1DFB-D1AC-257D-60146797353B}.Debug|Win32.ActiveCfg = Debug|Win32
		{0BDC5292-1DFB-D1AC-257D-60146797353B}.Debug|Win32.Build.0 = Debug|Win32
		{0BDC5292-1DFB-D1AC-257D-60146797353B}.Debug|x64.ActiveCfg = Debug|Win32
		{0BDC5292-1DFB-D1AC-257D-60146797353B}.Release_Developer|Win32.ActiveCfg = Release_Developer|Win32
		{0BDC5292-1DFB-D1AC-257D-60146797353B}.Release_Developer|Win32.Build.0 = Release_Developer|Win32
		{0BDC5292-1DFB-D1AC-257D-60146797353B}.Release_Developer|x64.ActiveCfg = Release_Developer|Win32
		{0BDC5292-1DFB-D1AC-257D-60146797353B}.Release|Win32.ActiveCfg = Release|Win32
		{0BDC5292-1DFB-D1AC-257D-60146797353B}.Release|Win32.Build.0 = Release|Win32
		{0BDC5292-1DFB-D1AC-257D-60146797353B}.Release|x64.ActiveCfg = Release|Win32
		{3F85644B-53E3-6AEF-CF1D-0F45E2DAC785}.Debug|Win32.ActiveCfg = Debug|Win32
		{3F85644B-53E3-6AEF-CF1D-0F45E2DAC785}.Debug|Win32.Build.0 = Debug|Win32
		{3F85644B-53E3-6AEF-CF1D-0F45E2DAC785}.Debug|x64.ActiveCfg = Debug|Win32
		{3F85644B-53E3-6AEF-CF1D-0F45E2DAC785}.Release_Developer|Win32.ActiveCfg = Release_Developer|Win32
		{3F85644B-53E3-6AEF-CF1D-0F45E2DAC785}.Release_Developer|Win32.Build.0 = Release_Developer|Win32
		{3F85644B-53E3-6AEF-CF1D-0F45E2DAC785}.Release_Developer|x64.ActiveCfg = Release_Developer|Win32
		{3F85644B-53E3-6AEF-CF1D-0F45E2DAC785}.Release|Win32.ActiveCfg = Release|Win32
		{3F85644B-53E3-6AEF-CF1D-0F45E2DAC785}.Release|Win32.Build.0 = Release|Win32
		{3F85644B-53E3-6AEF-CF1D-0F45E2DAC785}.Release|x64.ActiveCfg = Release|Win32
		{F84031D0-8EC1-5549-1A0A-959DDEB5FCA9}.Debug|Win32.ActiveCfg = Debug|Win32
		{F84031D0-8EC1-5549-1A0A-959DDEB5FCA9}.Debug|Win32.Build.0 = Debug|Win32
		{F84031D0-8EC1-5549-1A0A-959DDEB5FCA9}.Debug|x64.ActiveCfg = Debug|Win32
		{F84031D0-8EC1-5549-1A0A-959DDEB5FCA9}.Release_Developer|Win32.ActiveCfg = Release_Developer|Win32
		{F84031D0-8EC1-5549-1A0A-959DDEB5FCA9}.Release_Developer|Win32.Build.0 = Release_Developer|Win32
		{F84031D0-8EC1-5549-1A0A-959DDEB5FCA9}.Release_Developer|x64.ActiveCfg = Release_Developer|Win32
		{F84031D0-8EC1-5549-1A0A-959DDEB5FCA9}.Release|Win32.ActiveCfg = Release|Win32
		{F84031D0-8EC1-5549-1A0A-959DDEB5FCA9}.Release|Win32.Build.0 = Release|Win32
		{F84031D0-8EC1-5549-1A0A-959DDEB5FCA9}.Release|x64.ActiveCfg = Release|Win32
		{ED26E78D-E69F-42B8-6692-2FFAACA81790}.Debug|Win32.ActiveCfg = Debug|Win32
		{ED26E78D-E69F-42B8-6692-2FFAACA81790}.Debug|Win32.Build.0 = Debug|Win32
		{ED26E78D-E69F-42B8-6692-2FFAACA81790}.Debug|x64.ActiveCfg = Debug|Win32
		{ED26E78D-E69F-42B8-6692-2FFAACA81790}.Release_Developer|Win32.ActiveCfg = Release_Developer|Win32
		{ED26E78D-E69F-42B8-6692-2FFAACA81790}.Release_Developer|Win32.Build.0 = Release_Developer|Win32
		{ED26E78D-E69F-42B8-6692-2FFAACA81790}.Release_Developer|x64.ActiveCfg = Release_Developer|Win32
		{ED26E78D-E69F-42B8-6692-2FFAACA81790}.Release|Win32.ActiveCfg = Release|Win32
		{ED26E78D-E69F-42B8-6692-2FFAACA81790}.Release|Win32.Build.0 = Release|Win32
		{ED26E78D-E69F-42B8-6692-2FFAACA81790}.Release|x64.ActiveCfg = Release|Win32
		{97490341-FE9E-12EE-151B-DE2928053A7B}.Debug|Win32.ActiveCfg = Debug|Win32
		{97490341-FE9E-12EE-151B-DE2928053A7B}.Debug|Win32.Build.0 = Debug|Win32
		{97490341-FE9E-12EE-151B-DE2928053A7B}.Debug|x64.ActiveCfg = Debug|Win32
		{97490341-FE9E-12EE-151B-DE2928053A7B}.Release_Developer|Win32.ActiveCfg = Release_Developer|Win32
		{97490341-FE9E-12EE-151B-DE2928053A7B}.Release_Developer|Win32.Build.0 = Release_Developer|Win32
		{97490341-FE9E-12EE-151B-DE2928053A7B}.Release_Developer|x64.ActiveCfg = Release_Developer|Win32
		{97490341-FE9E-12EE-151B-DE2928053A7B}.Release|Win32.ActiveCfg = Release|Win32
		{97490341-FE9E-12EE-151B-DE2928053A7B}.Release|Win32.Build.0 = Release|Win32
		{97490341-FE9E-12EE-151B-DE2928053A7B}.Release|x64.ActiveCfg = Release|Win32
		{D0FA47EF-A73D-7564-E2BC-E6666D397303}.Debug|Win32.ActiveCfg = Debug|Win32
		{D0FA47EF-A73D-7564-E2BC-E6666D397303}.Debug|Win32.Build.0 = Debug|Win32
		{D0FA47EF-A73D-7564-E2BC-E6666D397303}.Debug|x64.ActiveCfg = Debug|Win32
		{D0FA47EF-A73D-7564-E2BC-E6666D397303}.Release_Developer|Win32.ActiveCfg = Release_Developer|Win32
		{D0FA47EF-A73D-7564-E2BC-E6666D397303}.Release_Developer|Win32.Build.0 = Release_Developer|Win32
		{D0FA47EF-A73D-7564-E2BC-E6666D397303}.Release_Developer|x64.ActiveCfg = Release_Developer|Win32
		{D0FA47EF-A73D-7564-E2BC-E6666D397303}.Release|Win32.ActiveCfg = Release|Win32
		{D0FA47EF-A73D-7564-E2BC-E6666D397303}.Release|Win32.Build.0 = Release|Win32
		{D0FA47EF-A73D-7564-E2BC-E6666D397303}.Release|x64.ActiveCfg = Release|Win32
		{BC74F3AA-2525-A300-1E14-B5EDA589F4DA}.Debug|Win32.ActiveCfg = Debug|Win32
		{BC74F3AA-2525-A300-1E14-B5EDA589F4DA}.Debug|Win32.Build.0 = Debug|Win32
		{BC74F3AA-2525-A300-1E14-B5EDA589F4DA}.Debug|x64.ActiveCfg = Debug|Win32
		{BC74F3AA-2525-A300-1E14-B5EDA589F4DA}.Release_Developer|Win32.ActiveCfg = Release_Developer|Win32
		{BC74F3AA-2525-A300-1E14-B5EDA589F4DA}.Release_Developer|Win32.Build.0 = Release_Developer|Win32
		{BC74F3AA-2525-A300-1E14-B5EDA589F4DA}.Release_Developer|x64.ActiveCfg = Release_Developer|Win32
		{BC74F3AA-2525-A300-1E14-B5EDA589F4DA}.Release|Win32.ActiveCfg = Release|Win32
		{BC74F3AA-2525-A300-1E14-B5EDA589F4DA}.Release|Win32.Build.0 = Release|Win32
		{BC74F3AA-2525-A300-1E14-B5EDA589F4DA}.Release|x64.ActiveCfg = Release|Win32
		{534FBB80-DC0A-50C7-11F5-99AF75BDB35A}.Debug|Win32.ActiveCfg = Debug|Win32
		{534FBB80-DC0A-50C7-11F5-99AF75BDB35A}.Debug|Win32.Build.0 = Debug|Win32
		{534FBB80-DC0A-50C7-11F5-99AF75BDB35A}.Debug|x64.ActiveCfg = Debug|Win32
		{534FBB80-DC0A-50C7-11F5-99AF75BDB35A}.Release_Developer|Win32.ActiveCfg = Release_Developer|Win32
		{534FBB80-DC0A-50C7-11F5-99AF75BDB35A}.Release_Developer|Win32.Build.0 = Release_Developer|Win32
		{534FBB80-DC0A-50C7-11F5-99AF75BDB35A}.Release_Developer|x64.ActiveCfg = Release_Developer|Win32
		{534FBB80-DC0A-50C7-11F5-99AF75BDB35A}.Release|Win32.ActiveCfg = Release|Win32
		{534FBB80-DC0A-50C7-11F5-99AF75BDB35A}.Release|Win32.Build.0 = Release|Win32
		{534FBB80-DC0A-50C7-11F5-99AF75BDB35A}.Release|x64.ActiveCfg = Release|Win32
		{3D616B7F-BC54-6894-9DE4-8DB41AB06D75}.Debug|Win32.ActiveCfg = Debug|Win32
		{3D616B7F-BC54-6894-9DE4-8DB41AB06D75}.Debug|Win32.Build.0 = Debug|Win32
		{3D616B7F-BC54-6894-9DE4-8DB41AB06D75}.Debug|x64.ActiveCfg = Debug|Win32
		{3D616B7F-BC54-6894-9DE4-8DB41AB06D75}.Release_Developer|Win32.ActiveCfg = Release_Developer|Win32
		{3D616B7F-BC54-6894-9DE4-8DB41AB06D75}.Release_Developer|Win32.Build.0 = Release_Developer|Win32
		{3D616B7F-BC54-6894-9DE4-8DB41AB06D75}.Release_Developer|x64.ActiveCfg = Release_Developer|Win32
		{3D616B7F-BC54-6894-9DE4-8DB41AB06D75}.Release|Win32.ActiveCfg = Release|Win32
		{3D616B7F-BC54-6894-9DE4-8DB41AB06D75}.Release|Win32.Build.0 = Release|Win32
		{3D616B7F-BC54-6894-9DE4-8DB41AB06D75}.Release|x64.ActiveCfg = Release|Win32
		{585331D9-E789-1935-EE54-C3DC98B6BFE1}.Debug|Win32.ActiveCfg = Debug|Win32
		{585331D9-E789-1935-EE54-C3DC98B6BFE1}.Debug|Win32.Build.0 = Debug|Win32
		{585331D9-E789-1935-EE54-C3DC98B6BFE1}.Debug|x64.ActiveCfg = Debug|Win32
		{585331D9-E789-1935-EE54-C3DC98B6BFE1}.Release_Developer|Win32.ActiveCfg = Release_Developer|Win32
		{585331D9-E789-1935-EE54-C3DC98B6BFE1}.Release_Developer|Win32.Build.0 = Release_Developer|Win32
		{585331D9-E789-1935-EE54-C3DC98B6BFE1}.Release_Developer|x64.ActiveCfg = Release_Developer|Win32
		{585331D9-E789-1935-EE54-C3DC98B6BFE1}.Release|Win32.ActiveCfg = Release|Win32
		{585331D9-E789-1935-EE54-C3DC98B6BFE1}.Release|Win32.Build.0 = Release|Win32
		{585331D9-E789-1935-EE54-C3DC98B6BFE1}.Release|x64.ActiveCfg = Release|Win32
		{BFEBA22D-4244-3CE6-B33F-DD14CA519DB2}.Debug|Win32.ActiveCfg = Debug|Win32
		{BFEBA22D-4244-3CE6-B33F-DD14CA519DB2}.Debug|Win32.Build.0 = Debug|Win32
		{BFEBA22D-4244-3CE6-B33F-DD14CA519DB2}.Debug|x64.ActiveCfg = Debug|Win32
		{BFEBA22D-4244-3CE6-B33F-DD14CA519DB2}.Release_Developer|Win32.ActiveCfg = Release_Developer|Win32
		{BFEBA22D-4244-3CE6-B33F-DD14CA519DB2}.Release_Developer|Win32.Build.0 = Release_Developer|Win32
		{BFEBA22D-4244-3CE6-B33F-DD14CA519DB2}.Release_Developer|x64.ActiveCfg = Release_Developer|Win32
		{BFEBA22D-4244-3CE6-B33F-DD14CA519DB2}.Release|Win32.ActiveCfg = Release|Win32
		{BFEBA22D-4244-3CE6-B33F-DD14CA519DB2}.Release|Win32.Build.0 = Release|Win32
		{BFEBA22D-4244-3CE6-B33F-DD14CA519DB2}.Release|x64.ActiveCfg = Release|Win32
		{8526E34C-E974-E136-60E6-BFDA54E67B43}.Debug|Win32.ActiveCfg = Debug|Win32
		{8526E34C-E974-E136-60E6-BFDA54E67B43}.Debug|Win32.Build.0 = Debug|Win32
		{8526E34C-E974-E136-60E6-BFDA54E67B43}.Debug|x64.ActiveCfg = Debug|Win32
		{8526E34C-E974-E136-60E6-BFDA54E67B43}.Release_Developer|Win32.ActiveCfg = Release_Developer|Win32
		{8526E34C-E974-E136-60E6-BFDA54E67B43}.Release_Developer|Win32.Build.0 = Release_Developer|Win32
		{8526E34C-E974-E136-60E6-BFDA54E67B43}.Release_Developer|x64.ActiveCfg = Release_Developer|Win32
		{8526E34C-E974-E136-60E6-BFDA54E67B43}.Release|Win32.ActiveCfg = Release|Win32
		{8526E34C-E974-E136-60E6-BFDA54E67B43}.Release|Win32.Build.0 = Release|Win32
		{8526E34C-E974-E136-60E6-BFDA54E67B43}.Release|x64.ActiveCfg = Release|Win32
		{E6DF5CC1-9BB3-8AB7-7CA5-731C89D769A0}.Debug|Win32.ActiveCfg = Debug|Win32
		{E6DF5CC1-9BB3-8AB7-7CA5-731C89D769A0}.Debug|Win32.Build.0 = Debug|Win32
		{E6DF5CC1-9BB3-8AB7-7CA5-731C89D769A0}.Debug|x64.ActiveCfg = Debug|Win32
		{E6DF5CC1-9BB3-8AB7-7CA5-731C89D769A0}.Release_Developer|Win32.ActiveCfg = Release_Developer|Win32
		{E6DF5CC1-9BB3-8AB7-7CA5-731C89D769A0}.Release_Developer|Win32.Build.0 = Release_Developer|Win32
		{E6DF5CC1-9BB3-8AB7-7CA5-731C89D769A0}.Release_Developer|x64.ActiveCfg = Release_Developer|Win32
		{E6DF5CC1-9BB3-8AB7-7CA5-731C89D769A0}.Release|Win32.ActiveCfg = Release|Win32
		{E6DF5CC1-9BB3-8AB7-7CA5-731C89D769A0}.Release|Win32.Build.0 = Release|Win32
		{E6DF5CC1-9BB3-8AB7-7CA5-731C89D769A0}.Release|x64.ActiveCfg = Release|Win32
		{A5B90D9D-F8A8-DB29-9037-BB30A5B49DCF}.Debug|Win32.ActiveCfg = Debug|Win32
		{A5B90D9D-F8A8-DB29-9037-BB30A5B49DCF}.Debug|Win32.Build.0 = Debug|Win32
		{A5B90D9D-F8A8-DB29-9037-BB30A5B49DCF}.Debug|x64.ActiveCfg = Debug|Win32
		{A5B90D9D-F8A8-DB29-9037-BB30A5B49DCF}.Release_Developer|Win32.ActiveCfg = Release_Developer|Win32
		{A5B90D9D-F8A8-DB29-9037-BB30A5B49DCF}.Release_Developer|Win32.Build.0 = Release_Developer|Win32
		{A5B90D9D-F8A8-DB29-9037-BB30A5B49DCF}.Release_Developer|x64.ActiveCfg = Release_Developer|Win32
		{A5B90D9D-F8A8-DB29-9037-BB30A5B49DCF}.Release|Win32.ActiveCfg = Release|Win32
		{A5B90D9D-F8A8-DB29-9037-BB30A5B49DCF}.Release|Win32.Build.0 = Release|Win32
		{A5B90D9D-F8A8-DB29-9037-BB30A5B49DCF}.Release|x64.ActiveCfg = Release|Win32
		{FFB4E93A-05A8-E9C1-01DA-C9271E47485D}.Debug|Win32.ActiveCfg = Debug|Win32
		{FFB4E93A-05A8-E9C1-01DA-C9271E47485D}.Debug|Win32.Build.0 = Debug|Win32
		{FFB4E93A-05A8-E9C1-01DA-C9271E47485D}.Debug|x64.ActiveCfg = Debug|Win32
		{FFB4E93A-05A8-E9C1-01DA-C9271E47485D}.Release_Developer|Win32.ActiveCfg = Release_Developer|Win32
		{FFB4E93A-05A8-E9C1-01DA-C9271E47485D}.Release_Developer|Win32.Build.0 = Release_Developer|Win32
		{FFB4E93A-05A8-E9C1-01DA-C9271E47485D}.Release_Developer|x64.ActiveCfg = Release_Developer|Win32
		{FFB4E93A-05A8-E9C1-01DA-C9271E47485D}.Release|Win32.ActiveCfg = Release|Win32
		{FFB4E93A-05A8-E9C1-01DA-C9271E47485D}.Release|Win32.Build.0 = Release|Win32
		{FFB4E93A-05A8-E9C1-01DA-C9271E47485D}.Release|x64.ActiveCfg = Release|Win32
		{C2CDEB62-0274-ECAD-976B-55F6144AF1AC}.Debug|Win32.ActiveCfg = Debug|Win32
		{C2CDEB62-0274-ECAD-976B-55F6144AF1AC}.Debug|Win32.Build.0 = Debug|Win32
		{C2CDEB62-0274-ECAD-976B-55F6144AF1AC}.Debug|x64.ActiveCfg = Debug|Win32
		{C2CDEB62-0274-ECAD-976B-55F6144AF1AC}.Release_Developer|Win32.ActiveCfg = Release_Developer|Win32
		{C2CDEB62-0274-ECAD-976B-55F6144AF1AC}.Release_Developer|Win32.Build.0 = Release_Developer|Win32
		{C2CDEB62-0274-ECAD-976B-55F6144AF1AC}.Release_Developer|x64.ActiveCfg = Release_Developer|Win32
		{C2CDEB62-0274-ECAD-976B-55F6144AF1AC}.Release|Win32.ActiveCfg = Release|Win32
		{C2CDEB62-0274-ECAD-976B-55F6144AF1AC}.Release|Win32.Build.0 = Release|Win32
		{C2CDEB62-0274-ECAD-976B-55F6144AF1AC}.Release|x64.ActiveCfg = Release|Win32
		{33B2758B-EFD1-BEB1-80BB-B999B3F1B0D8}.Debug|Win32.ActiveCfg = Debug|Win32
		{33B2758B-EFD1-BEB1-80BB-B999B3F1B0D8}.Debug|Win32.Build.0 = Debug|Win32
		{33B2758B-EFD1-BEB1-80BB-B999B3F1B0D8}.Debug|x64.ActiveCfg = Debug|x64
		{33B2758B-EFD1-BEB1-80BB-B999B3F1B0D8}.Debug|x64.Build.0 = Debug|x64
		{33B2758B-EFD1-BEB1-80BB-B999B3F1B0D8}.Release_Developer|Win32.ActiveCfg = Release|Win32
		{33B2758B-EFD1-BEB1-80BB-B999B3F1B0D8}.Release_Developer|Win32.Build.0 = Release|Win32
		{33B2758B-EFD1-BEB1-80BB-B999B3F1B0D8}.Release_Developer|x64.ActiveCfg = Release|x64
		{33B2758B-EFD1-BEB1-80BB-B999B3F1B0D8}.Release_Developer|x64.Build.0 = Release|x64
		{33B2758B-EFD1-BEB1-80BB-B999B3F1B0D8}.Release|Win32.ActiveCfg = Release|Win32
		{33B2758B-EFD1-BEB1-80BB-B999B3F1B0D8}.Release|Win32.Build.0 = Release|Win32
		{33B2758B-EFD1-BEB1-80BB-B999B3F1B0D8}.Release|x64.ActiveCfg = Release|x64
		{33B2758B-EFD1-BEB1-80BB-B999B3F1B0D8}.Release|x64.Build.0 = Release|x64
	EndGlobalSection
	GlobalSection(SolutionProperties) = preSolution
		HideSolutionNode = FALSE
	EndGlobalSection
EndGlobal
