<?xml version="1.0" encoding="utf-8"?>
<Project ToolsVersion="4.0" xmlns="http://schemas.microsoft.com/developer/msbuild/2003">
  <ItemGroup>
    <Filter Include="..">
      <UniqueIdentifier>{739DB09A-CC57-A953-A6CF-F64FA08E4FA7}</UniqueIdentifier>
    </Filter>
    <Filter Include="..\build">
      <UniqueIdentifier>{D5519164-BF26-36DA-740B-76CEFC1827F4}</UniqueIdentifier>
    </Filter>
    <Filter Include="threading">
      <UniqueIdentifier>{08E84E43-86EA-0FF0-2578-3ED14D870CD8}</UniqueIdentifier>
    </Filter>
    <Filter Include="test">
      <UniqueIdentifier>{5763B17F-46DA-9ED7-179F-9C9F273B791C}</UniqueIdentifier>
    </Filter>
    <Filter Include="..">
      <UniqueIdentifier>{739DB09A-CC57-A953-A6CF-F64FA08E4FA7}</UniqueIdentifier>
    </Filter>
    <Filter Include="..\testing">
      <UniqueIdentifier>{681E52FB-4BB5-C8E2-1D1A-B7C4F2495A5E}</UniqueIdentifier>
    </Filter>
    <Filter Include="..\testing\perf">
      <UniqueIdentifier>{DCC76964-1765-F8E2-269D-A6BF08B3C68E}</UniqueIdentifier>
    </Filter>
  </ItemGroup>
  <ItemGroup>
    <ClCompile Include="..\build\precompile.cc">
      <Filter>..\build</Filter>
    </ClCompile>
    <ClCompile Include="threading\thread_perftest.cc">
      <Filter>threading</Filter>
    </ClCompile>
    <ClCompile Include="test\run_all_unittests.cc">
      <Filter>test</Filter>
    </ClCompile>
    <ClCompile Include="..\testing\perf\perf_test.cc">
      <Filter>..\testing\perf</Filter>
    </ClCompile>
    <None Include="base.gyp"/>
  </ItemGroup>
</Project>
